{
  "version": 2,
  "dependencies": {
    "net10.0": {
      "Ensure.That": {
        "type": "Direct",
        "requested": "[10.1.0, )",
        "resolved": "10.1.0",
        "contentHash": "rzTMSs0lQnu0WsesvTjs/zDzqiZXb9r5dv+wFQcPg/iIZqXb5BzwpIWEwi8Q3HA0TS4ytRcY129aSek6IzuOmA=="
      },
      "Microsoft.Extensions.Http": {
        "type": "Direct",
        "requested": "[10.0.9, )",
        "resolved": "10.0.9",
        "contentHash": "5jdmuLRg1HO7x/v8McOf6ndhkMQWImkRBtJpXM8+xIocXNdLqCItyyFLKusdILc62TDzHuLlqaWoxtOA5FFOPg==",
        "dependencies": {
          "Microsoft.Extensions.Configuration.Abstractions": "10.0.9",
          "Microsoft.Extensions.DependencyInjection.Abstractions": "10.0.9",
          "Microsoft.Extensions.Diagnostics": "10.0.9",
          "Microsoft.Extensions.Logging": "10.0.9",
          "Microsoft.Extensions.Logging.Abstractions": "10.0.9",
          "Microsoft.Extensions.Options": "10.0.9"
        }
      },
      "MinVer": {
        "type": "Direct",
        "requested": "[7.0.0, )",
        "resolved": "7.0.0",
        "contentHash": "2lMTCQl5bGP4iv0JNkockPnyllC6eHLz+CoK2ICvalvHod+exXSxueu9hq+zNkU7bZBJf8wMfeRC/Edn8AGmEg=="
      },
      "BouncyCastle.Cryptography": {
        "type": "Transitive",
        "resolved": "2.6.2",
        "contentHash": "7oWOcvnntmMKNzDLsdxAYqApt+AjpRpP2CShjMfIa3umZ42UQMvH0tl1qAliYPNYO6vTdcGMqnRrCPmsfzTI1w=="
      },
      "ClosedXML.Parser": {
        "type": "Transitive",
        "resolved": "2.0.0",
        "contentHash": "ngTqjYreDYNytG1W5d3ewHsw0ukmmrgV7EKnS4/40rXoYZGt07jrBvo+N+GxT49rcageUMUiprV0jYT4nwVBHQ=="
      },
      "DocumentFormat.OpenXml": {
        "type": "Transitive",
        "resolved": "3.1.1",
        "contentHash": "2z9QBzeTLNNKWM9SaOSDMegfQk/7hDuElOsmF77pKZMkFRP/GHA/W/4yOAQD9kn15N/FsFxHn3QVYkatuZghiA==",
        "dependencies": {
          "DocumentFormat.OpenXml.Framework": "3.1.1"
        }
      },
      "DocumentFormat.OpenXml.Framework": {
        "type": "Transitive",
        "resolved": "3.1.1",
        "contentHash": "6APEp/ElZV58S/4v8mf4Ke3ONEDORs64MqdD64Z7wWpcHANB9oovQsGIwtqjnKihulOj7T0a6IxHIHOfMqKOng==",
        "dependencies": {
          "System.IO.Packaging": "8.0.1"
        }
      },
      "ExcelNumberFormat": {
        "type": "Transitive",
        "resolved": "1.1.0",
        "contentHash": "R3BVHPs9O+RkExbZYTGT0+9HLbi8ZrNij1Yziyw6znd3J7P3uoIR07uwTLGOogtz1p6+0sna66eBoXu7tBiVQA=="
      },
      "Mapster.Core": {
        "type": "Transitive",
        "resolved": "10.0.10",
        "contentHash": "EsBABlsVcE/25SJQx4pi+6LB6jwih3mTpedWD9X8aybvunpDIRS5tQErdJLY7tfpDTA2xTmnCre/qwcAxNcbmw=="
      },
      "MessagePack.Annotations": {
        "type": "Transitive",
        "resolved": "3.1.7",
        "contentHash": "IW1yX9viarFl/Dsio5G+pM90JkOSW4xhAiJcKxPPF5rzyp2/yCpieWju8G99QLEmaQeze2uQMEskUBA59YZmkw=="
      },
      "MessagePackAnalyzer": {
        "type": "Transitive",
        "resolved": "3.1.7",
        "contentHash": "ZF+OOJTRS7Ogzb4gG36hPKVQk3kEbp6kkUcdRjhddDq/uSGcV4BKIdYiyJipExXyE/zsqYb0ic215O9kI+fjPA=="
      },
      "Microsoft.AspNetCore.Metadata": {
        "type": "Transitive",
        "resolved": "10.0.9",
        "contentHash": "FY3NK1uPZAE/3EDWAyM7DfjDSDOgy8Uc9njGzFmu6LRzSr8qzhGBnZGVT46Et2td5Mp8MX3IqLxIVL0amumW7w=="
      },
      "Microsoft.CodeAnalysis.Analyzers": {
        "type": "Transitive",
        "resolved": "5.3.0",
        "contentHash": "KuLhbZwB0L8JikL86AE5VWEp3RLNjIcp+j8yz9EJ/UBgRz4+qDEjHg/tluRFbpYpD/e37BqaaNFbQ0vqawBwWQ=="
      },
      "Microsoft.CodeAnalysis.Workspaces.Common": {
        "type": "Transitive",
        "resolved": "5.6.0",
        "contentHash": "ILscYALZ5u7MRl2paiiSqn23/5qiy3vvcqBEP/C7RnGJtQQKKtPz5vEBtvDeDTaLzB9/w9d/bxfRYnaq5Pz00g==",
        "dependencies": {
          "Humanizer.Core": "2.14.1",
          "Microsoft.CodeAnalysis.Analyzers": "5.3.0",
          "Microsoft.CodeAnalysis.Common": "[5.6.0]",
          "System.Composition": "10.0.1"
        }
      },
      "Microsoft.Extensions.Configuration": {
        "type": "Transitive",
        "resolved": "10.0.9",
        "contentHash": "woZsWLhOQsASuxbmgiZJqiGUBNo3IjRdXC92xt8rRokza+P6/nIsnzq7sm9Or6ZYcRl2kL1ufj8HVzp1QlPTXw==",
        "dependencies": {
          "Microsoft.Extensions.Configuration.Abstractions": "10.0.9",
          "Microsoft.Extensions.Primitives": "10.0.9"
        }
      },
      "Microsoft.Extensions.DependencyModel": {
        "type": "Transitive",
        "resolved": "6.0.0",
        "contentHash": "TD5QHg98m3+QhgEV1YVoNMl5KtBw/4rjfxLHO0e/YV9bPUBDKntApP4xdrVtGgCeQZHVfC2EXIGsdpRNrr87Pg=="
      },
      "Microsoft.Extensions.Diagnostics": {
        "type": "Transitive",
        "resolved": "10.0.9",
        "contentHash": "NLXI3PbTe39q6/sgs7JYhmfPf7bMzReUoAJ0q9Po6yhfM+0anZa7PrEva4W2SdiLWGyB9eKZS9THGt2BP40xJg==",
        "dependencies": {
          "Microsoft.Extensions.Configuration": "10.0.9",
          "Microsoft.Extensions.Diagnostics.Abstractions": "10.0.9",
          "Microsoft.Extensions.Options.ConfigurationExtensions": "10.0.9"
        }
      },
      "Microsoft.Extensions.Diagnostics.Abstractions": {
        "type": "Transitive",
        "resolved": "10.0.9",
        "contentHash": "86RgyFsmVslW4Nu28IXgt8tLglynGQrwjk/xhGZaTe8j6YIeR1Ywoc42hSHsBSl920CQdfqq2dBohZiGm3AkUA==",
        "dependencies": {
          "Microsoft.Extensions.DependencyInjection.Abstractions": "10.0.9",
          "Microsoft.Extensions.Options": "10.0.9"
        }
      },
      "Microsoft.Extensions.Diagnostics.HealthChecks.Abstractions": {
        "type": "Transitive",
        "resolved": "10.0.9",
        "contentHash": "/pbRl7IJW3QFzEwBGtgEvcEUbL9OGFe+1uTMisWLIS+NaHH5+PEQ3/Sw58c4UqXKlC/rtqFp+qSOGelEelNAjA=="
      },
      "Microsoft.Extensions.FileProviders.Abstractions": {
        "type": "Transitive",
        "resolved": "10.0.9",
        "contentHash": "Oxn4vqDk+EwceTMpZxVm7L/UZEAM1qIQlNP1+7tBZckD+P4SKrm/5X4gMTPCTdpnau/xY8Sb4/0d6onomSg4ZA==",
        "dependencies": {
          "Microsoft.Extensions.Primitives": "10.0.9"
        }
      },
      "Microsoft.Extensions.Primitives": {
        "type": "Transitive",
        "resolved": "10.0.9",
        "contentHash": "fmEbAUFsaIKirgLt/lYhuFRBwhcSJN31jjHgCdbQxJiWOum6EdLjkbgGuukSP9z/a+9LibaxII/kF+GwOXgC4g=="
      },
      "Microsoft.NET.StringTools": {
        "type": "Transitive",
        "resolved": "17.11.4",
        "contentHash": "mudqUHhNpeqIdJoUx2YDWZO/I9uEDYVowan89R6wsomfnUJQk6HteoQTlNjZDixhT2B4IXMkMtgZtoceIjLRmA=="
      },
      "PDFsharp": {
        "type": "Transitive",
        "resolved": "6.2.4",
        "contentHash": "GhTr9F1uOYXHCIEOB5PXIgqn5a8WLsJL2m0eewTA0IvY1j6N4HGXHKKmEyB90/N6vrjmYamf41V9zbmdW2HY3g==",
        "dependencies": {
          "Microsoft.Extensions.Logging.Abstractions": "8.0.3",
          "System.Security.Cryptography.Pkcs": "8.0.1"
        }
      },
      "Polly.Core": {
        "type": "Transitive",
        "resolved": "8.7.0",
        "contentHash": "BS2t+nsBer16PIebCEPNBK5fgMisADQyRCd7K+BgkMWpFmSaiYE+rVVNpFhGRqUkJmNSLmw0uCNzHHWfgml28Q=="
      },
      "RBush.Signed": {
        "type": "Transitive",
        "resolved": "4.0.0",
        "contentHash": "aP5KQxL5RnFNGW1f0euYVBfCatkLw5iEzMRJcXKq8LWWP4Cp3+qoSq1tDDL2vvJ2rM0ychmVMa2VaEKLS6uX4w=="
      },
      "SixLabors.Fonts": {
        "type": "Transitive",
        "resolved": "1.0.0",
        "contentHash": "LFQsCZlV0xlUyXAOMUo5kkSl+8zAQXXbbdwWchtk0B4o7zotZhQsQOcJUELGHdfPfm/xDAsz6hONAuV25bJaAg=="
      },
      "System.Composition": {
        "type": "Transitive",
        "resolved": "10.0.1",
        "contentHash": "DJkqaWQfho/ReTzKcZD3zJJ6K4GcS154k+T0UCPMBNIOZ2U/lNpyiiWZ6Etw0onWyTH1K+yhICsdmwA5xy2aPQ==",
        "dependencies": {
          "System.Composition.AttributedModel": "10.0.1",
          "System.Composition.Convention": "10.0.1",
          "System.Composition.Hosting": "10.0.1",
          "System.Composition.Runtime": "10.0.1",
          "System.Composition.TypedParts": "10.0.1"
        }
      },
      "System.Composition.AttributedModel": {
        "type": "Transitive",
        "resolved": "10.0.1",
        "contentHash": "mRxYvpCVPAeuLEk0c0kxWJVjbW1/HUoxCgYotOj9eDeQiYcTDOMdCQApsTrHYMN3pHBA8WoF00KGolG632Etaw=="
      },
      "System.Composition.Convention": {
        "type": "Transitive",
        "resolved": "10.0.1",
        "contentHash": "dYynUByfVBzYDheNPGxS8UN8AvG/4tXf/coSs1odHOyoh4etv1kad/FrLWLMq4f8NO49NV20Xu+0/y613woTUA==",
        "dependencies": {
          "System.Composition.AttributedModel": "10.0.1"
        }
      },
      "System.Composition.Hosting": {
        "type": "Transitive",
        "resolved": "10.0.1",
        "contentHash": "4UGmyBdKWEN1nkqspJlji/nV7XIVm6KGlOC2So0mtM/gKvaNgLz+tUkcbY+6Zpr7dr6ohX1S5yl0RLID5otRHw==",
        "dependencies": {
          "System.Composition.Runtime": "10.0.1"
        }
      },
      "System.Composition.Runtime": {
        "type": "Transitive",
        "resolved": "10.0.1",
        "contentHash": "TVfys1gnUIhmXuYfFzyez0fOkDyELe9UwlxYeVlq6FmqmWmt1ouF0OQJ+6ozkHbkaop7uBUaXw7Qb+/o0m+nMg=="
      },
      "System.Composition.TypedParts": {
        "type": "Transitive",
        "resolved": "10.0.1",
        "contentHash": "koSfjkdQZfgQr3SyiSIBboDn+GiR0vZ3x9Uek9FJbXK0w5AiATV8KrnMEP8B8OAlO+Y3zQf0CPCNzwH+VIYDKg==",
        "dependencies": {
          "System.Composition.AttributedModel": "10.0.1",
          "System.Composition.Hosting": "10.0.1",
          "System.Composition.Runtime": "10.0.1"
        }
      },
      "System.IO.Packaging": {
        "type": "Transitive",
        "resolved": "8.0.1",
        "contentHash": "KYkIOAvPexQOLDxPO2g0BVoWInnQhPpkFzRqvNrNrMhVT6kqhVr0zEb6KCHlptLFukxnZrjuMVAnxK7pOGUYrw=="
      },
      "System.Security.Cryptography.Pkcs": {
        "type": "Transitive",
        "resolved": "10.0.0",
        "contentHash": "UPWqLSygJlFerRi9XNIuM0a1VC8gHUIufyP24xQ0sc+XimqUAEcjpOz9DhKpyDjH+5B/wO3RpC0KpkEeDj/ddg=="
      },
      "BridgingIT.DevKit.Application.DataPorter": {
        "type": "Project",
        "dependencies": {
          "BridgingIT.DevKit.Common.Results": "[1.0.0, )",
          "BridgingIT.DevKit.Common.Utilities": "[1.0.0, )",
          "ClosedXML": "[0.105.0, )",
          "CsvHelper": "[33.1.0, )",
          "Ensure.That": "[10.1.0, )",
          "Microsoft.Extensions.Configuration.Abstractions": "[10.0.9, )",
          "Microsoft.Extensions.Configuration.Binder": "[10.0.9, )",
          "Microsoft.Extensions.DependencyInjection.Abstractions": "[10.0.9, )",
          "Microsoft.Extensions.Logging.Abstractions": "[10.0.9, )",
          "PDFsharp-MigraDoc": "[6.2.4, )"
        }
      },
      "BridgingIT.DevKit.Application.Identity": {
        "type": "Project",
        "dependencies": {
          "BridgingIT.DevKit.Common.Caching": "[1.0.0, )",
          "BridgingIT.DevKit.Domain": "[1.0.0, )",
          "Ensure.That": "[10.1.0, )",
          "Microsoft.AspNetCore.Authorization": "[10.0.9, )"
        }
      },
      "BridgingIT.DevKit.Application.JobScheduling": {
        "type": "Project",
        "dependencies": {
          "BridgingIT.DevKit.Common.Abstractions": "[1.0.0, )",
          "BridgingIT.DevKit.Common.Modules": "[1.0.0, )",
          "BridgingIT.DevKit.Common.Options": "[1.0.0, )",
          "BridgingIT.DevKit.Common.Utilities": "[1.0.0, )",
          "Ensure.That": "[10.1.0, )",
          "Humanizer.Core": "[3.0.10, )",
          "Polly": "[8.7.0, )",
          "Polly.Contrib.Simmy": "[0.3.0, )",
          "Quartz": "[3.18.1, 3.18.1]",
          "Quartz.Extensions.DependencyInjection": "[3.18.1, 3.18.1]"
        }
      },
      "BridgingIT.DevKit.Application.Messaging": {
        "type": "Project",
        "dependencies": {
          "BridgingIT.DevKit.Common.Abstractions": "[1.0.0, )",
          "BridgingIT.DevKit.Common.Modules": "[1.0.0, )",
          "BridgingIT.DevKit.Common.Options": "[1.0.0, )",
          "BridgingIT.DevKit.Common.Serialization": "[1.0.0, )",
          "BridgingIT.DevKit.Common.Utilities": "[1.0.0, )",
          "Ensure.That": "[10.1.0, )",
          "Humanizer.Core": "[3.0.10, )",
          "Polly": "[8.7.0, )",
          "Polly.Contrib.Simmy": "[0.3.0, )"
        }
      },
      "BridgingIT.DevKit.Application.Notifications": {
        "type": "Project",
        "dependencies": {
          "BridgingIT.DevKit.Common.Serialization": "[1.0.0, )",
          "BridgingIT.DevKit.Common.Utilities": "[1.0.0, )",
          "Ensure.That": "[10.1.0, )",
          "MailKit": "[4.17.0, )",
          "Microsoft.Extensions.Configuration.Binder": "[10.0.9, )",
          "Microsoft.Extensions.Hosting.Abstractions": "[10.0.9, )",
          "MimeKit": "[4.17.0, )"
        }
      },
      "BridgingIT.DevKit.Application.Orchestrations": {
        "type": "Project",
        "dependencies": {
          "BridgingIT.DevKit.Common.Abstractions": "[1.0.0, )",
          "BridgingIT.DevKit.Common.Options": "[1.0.0, )",
          "BridgingIT.DevKit.Common.Results": "[1.0.0, )",
          "BridgingIT.DevKit.Common.Serialization": "[1.0.0, )",
          "BridgingIT.DevKit.Common.Utilities": "[1.0.0, )",
          "Ensure.That": "[10.1.0, )",
          "Microsoft.Extensions.Hosting.Abstractions": "[10.0.9, )"
        }
      },
      "BridgingIT.DevKit.Application.Queueing": {
        "type": "Project",
        "dependencies": {
          "BridgingIT.DevKit.Common.Abstractions": "[1.0.0, )",
          "BridgingIT.DevKit.Common.Modules": "[1.0.0, )",
          "BridgingIT.DevKit.Common.Options": "[1.0.0, )",
          "BridgingIT.DevKit.Common.Serialization": "[1.0.0, )",
          "BridgingIT.DevKit.Common.Utilities": "[1.0.0, )",
          "Ensure.That": "[10.1.0, )",
          "FluentValidation": "[12.1.1, )"
        }
      },
      "BridgingIT.DevKit.Application.Storage": {
        "type": "Project",
        "dependencies": {
          "BridgingIT.DevKit.Common.Abstractions": "[1.0.0, )",
          "BridgingIT.DevKit.Common.Caching": "[1.0.0, )",
          "BridgingIT.DevKit.Common.Utilities": "[1.0.0, )",
          "Ensure.That": "[10.1.0, )",
          "Humanizer.Core": "[3.0.10, )",
          "Microsoft.Extensions.Logging": "[10.0.9, )",
          "Microsoft.Extensions.Logging.Abstractions": "[10.0.9, )",
          "Polly": "[8.7.0, )",
          "Polly.Contrib.Simmy": "[0.3.0, )",
          "Scrutor": "[4.2.2, 5.0.0)",
          "SharpCompress": "[0.49.1, )"
        }
      },
      "BridgingIT.DevKit.Common.Abstractions": {
        "type": "Project",
        "dependencies": {
          "Ensure.That": "[10.1.0, )",
          "FluentValidation": "[12.1.1, )",
          "Microsoft.Extensions.Configuration.Abstractions": "[10.0.9, )",
          "Microsoft.Extensions.DependencyInjection.Abstractions": "[10.0.9, )"
        }
      },
      "BridgingIT.DevKit.Common.Caching": {
        "type": "Project",
        "dependencies": {
          "BridgingIT.DevKit.Common.Utilities": "[1.0.0, )",
          "Ensure.That": "[10.1.0, )",
          "Microsoft.Extensions.Caching.Memory": "[10.0.9, )",
          "Microsoft.Extensions.Configuration.Abstractions": "[10.0.9, )",
          "Microsoft.Extensions.Configuration.Binder": "[10.0.9, )"
        }
      },
      "BridgingIT.DevKit.Common.Mapping": {
        "type": "Project",
        "dependencies": {
          "BridgingIT.DevKit.Common.Results": "[1.0.0, )",
          "BridgingIT.DevKit.Common.Utilities": "[1.0.0, )",
          "Ensure.That": "[10.1.0, )",
          "Mapster": "[10.0.10, )",
          "Mapster.DependencyInjection": "[10.0.10, )",
          "Microsoft.Extensions.Configuration.Abstractions": "[10.0.9, )",
          "Microsoft.Extensions.Configuration.Binder": "[10.0.9, )"
        }
      },
      "BridgingIT.DevKit.Common.Modules": {
        "type": "Project",
        "dependencies": {
          "BridgingIT.DevKit.Common.Utilities": "[1.0.0, )",
          "Ensure.That": "[10.1.0, )",
          "FluentValidation": "[12.1.1, )",
          "Scrutor": "[4.2.2, 5.0.0)",
          "Serilog": "[4.3.1, )"
        }
      },
      "BridgingIT.DevKit.Common.Options": {
        "type": "Project",
        "dependencies": {
          "Ensure.That": "[10.1.0, )",
          "Microsoft.Extensions.Logging.Abstractions": "[10.0.9, )"
        }
      },
      "BridgingIT.DevKit.Common.Results": {
        "type": "Project",
        "dependencies": {
          "BridgingIT.DevKit.Common.Abstractions": "[1.0.0, )",
          "Ensure.That": "[10.1.0, )",
          "FluentValidation": "[12.1.1, )",
          "Microsoft.Extensions.Logging.Abstractions": "[10.0.9, )"
        }
      },
      "BridgingIT.DevKit.Common.Rules": {
        "type": "Project",
        "dependencies": {
          "BridgingIT.DevKit.Common.Abstractions": "[1.0.0, )",
          "BridgingIT.DevKit.Common.Results": "[1.0.0, )",
          "Ensure.That": "[10.1.0, )",
          "FluentValidation": "[12.1.1, )",
          "Microsoft.Extensions.Logging.Abstractions": "[10.0.9, )"
        }
      },
      "BridgingIT.DevKit.Common.Serialization": {
        "type": "Project",
        "dependencies": {
          "BridgingIT.DevKit.Common.Abstractions": "[1.0.0, )",
          "BridgingIT.DevKit.Common.Results": "[1.0.0, )",
          "CsvHelper": "[33.1.0, )",
          "Ensure.That": "[10.1.0, )",
          "MessagePack": "[3.1.7, )",
          "Newtonsoft.Json": "[13.0.4, )"
        }
      },
      "BridgingIT.DevKit.Common.Utilities": {
        "type": "Project",
        "dependencies": {
          "BridgingIT.DevKit.Common.Abstractions": "[1.0.0, )",
          "BridgingIT.DevKit.Common.Options": "[1.0.0, )",
          "BridgingIT.DevKit.Common.Serialization": "[1.0.0, )",
          "Ensure.That": "[10.1.0, )",
          "FluentValidation": "[12.1.1, )",
          "Humanizer.Core": "[3.0.10, )",
          "Microsoft.Extensions.Configuration.Abstractions": "[10.0.9, )",
          "Microsoft.Extensions.Diagnostics.HealthChecks": "[10.0.9, )",
          "Microsoft.Extensions.Hosting.Abstractions": "[10.0.9, )",
          "Microsoft.Extensions.Logging.Abstractions": "[10.0.9, )",
          "Microsoft.Extensions.Options": "[10.0.9, )",
          "NewId": "[4.0.1, )",
          "Polly": "[8.7.0, )",
          "Polly.Contrib.Simmy": "[0.3.0, )"
        }
      },
      "BridgingIT.DevKit.Domain": {
        "type": "Project",
        "dependencies": {
          "BridgingIT.DevKit.Common.Abstractions": "[1.0.0, )",
          "BridgingIT.DevKit.Common.Mapping": "[1.0.0, )",
          "BridgingIT.DevKit.Common.Options": "[1.0.0, )",
          "BridgingIT.DevKit.Common.Results": "[1.0.0, )",
          "BridgingIT.DevKit.Common.Rules": "[1.0.0, )",
          "BridgingIT.DevKit.Common.Utilities": "[1.0.0, )",
          "Ensure.That": "[10.1.0, )",
          "MediatR.Contracts": "[2.0.1, 2.0.1]",
          "Microsoft.Extensions.Localization.Abstractions": "[10.0.9, )",
          "Scrutor": "[4.2.2, 5.0.0)",
          "System.Linq.Dynamic.Core": "[1.7.2, )"
        }
      },
      "BridgingIT.DevKit.Domain.CodeGen": {
        "type": "Project",
        "dependencies": {
          "Ensure.That": "[10.1.0, )",
          "Microsoft.CodeAnalysis.CSharp.Workspaces": "[5.6.0, )"
        }
      },
      "BridgingIT.DevKit.Examples.DoFiesta.Domain": {
        "type": "Project",
        "dependencies": {
          "BridgingIT.DevKit.Common.Utilities": "[1.0.0, )",
          "BridgingIT.DevKit.Domain": "[1.0.0, )",
          "BridgingIT.DevKit.Domain.CodeGen": "[1.0.0, )",
          "Ensure.That": "[10.1.0, )"
        }
      },
      "ClosedXML": {
        "type": "CentralTransitive",
        "requested": "[0.105.0, )",
        "resolved": "0.105.0",
        "contentHash": "U0hAdnYyPvF7TqHMFloxrS7pmozab79tFFF4c/bgPtqeelUs7ILpUd3r3c7C0a/DXsUZb3k1n4Pf7Q2LMyMQOg==",
        "dependencies": {
          "ClosedXML.Parser": "2.0.0",
          "DocumentFormat.OpenXml": "[3.1.1, 4.0.0)",
          "ExcelNumberFormat": "1.1.0",
          "RBush.Signed": "4.0.0",
          "SixLabors.Fonts": "1.0.0"
        }
      },
      "CsvHelper": {
        "type": "CentralTransitive",
        "requested": "[33.1.0, )",
        "resolved": "33.1.0",
        "contentHash": "kqfTOZGrn7NarNeXgjh86JcpTHUoeQDMB8t9NVa/ZtlSYiV1rxfRnQ49WaJsob4AiGrbK0XDzpyKkBwai4F8eg=="
      },
      "FluentValidation": {
        "type": "CentralTransitive",
        "requested": "[12.1.1, )",
        "resolved": "12.1.1",
        "contentHash": "EPpkIe1yh1a0OXyC100oOA8WMbZvqUu5plwhvYcb7oSELfyUZzfxV48BLhvs3kKo4NwG7MGLNgy1RJiYtT8Dpw=="
      },
      "Humanizer.Core": {
        "type": "CentralTransitive",
        "requested": "[3.0.10, )",
        "resolved": "3.0.10",
        "contentHash": "yZIhtw8sYuvsONzQbZxWpR60tMWYHXoo0DL6nyOqSFiU5POjBTSEyWFpTQtJEZuy+oqiYTXKXY/Mjx7KnqIQFw=="
      },
      "MailKit": {
        "type": "CentralTransitive",
        "requested": "[4.17.0, )",
        "resolved": "4.17.0",
        "contentHash": "1nUAVLxM9fhT/78we6/AGsCesnpn5dRNLLeRqOfr52Wnk87pzVwo5YMTMyqnmoXrYc7piGhmayiMA/OgDluIjg==",
        "dependencies": {
          "MimeKit": "4.17.0"
        }
      },
      "Mapster": {
        "type": "CentralTransitive",
        "requested": "[10.0.10, )",
        "resolved": "10.0.10",
        "contentHash": "kAMFaMKi13GxNXmpd9JiTYXjZD5B1+UN5eCke3E4hrCZLwNPyMCOF7CGyZvuiEJHfq2/ZWsXnqUR9PIZ1viB1A==",
        "dependencies": {
          "Mapster.Core": "10.0.10"
        }
      },
      "Mapster.DependencyInjection": {
        "type": "CentralTransitive",
        "requested": "[10.0.10, )",
        "resolved": "10.0.10",
        "contentHash": "1YcAtNAm2O9NoO81H6YLKseruXtzPVb44f5MJ6JGqZnkGQs2KIa48D7tStnPR54amy3Qyp93B/zOFzfAmLx1kg==",
        "dependencies": {
          "Mapster": "10.0.10",
          "Microsoft.Extensions.DependencyInjection.Abstractions": "9.0.0"
        }
      },
      "MediatR.Contracts": {
        "type": "CentralTransitive",
        "requested": "[2.0.1, 2.0.1]",
        "resolved": "2.0.1",
        "contentHash": "FYv95bNT4UwcNA+G/J1oX5OpRiSUxteXaUt2BJbRSdRNiIUNbggJF69wy6mnk2wYToaanpdXZdCwVylt96MpwQ=="
      },
      "MessagePack": {
        "type": "CentralTransitive",
        "requested": "[3.1.7, )",
        "resolved": "3.1.7",
        "contentHash": "gXpifaxbhfBqh8bVToQn9j+OgCnhXWMbRCV7RQIbCVa9CNJG1fY6oHAYYl+ER3Tb9uUIHiQ5QbGiGwwFhoagbA==",
        "dependencies": {
          "MessagePack.Annotations": "3.1.7",
          "MessagePackAnalyzer": "3.1.7",
          "Microsoft.NET.StringTools": "17.11.4"
        }
      },
      "Microsoft.AspNetCore.Authorization": {
        "type": "CentralTransitive",
        "requested": "[10.0.9, )",
        "resolved": "10.0.9",
        "contentHash": "p/8NL3otNi5KJdLScn+OWbjlqOEe5WvhD+swFRUG9FNCeZAuu0EWF9DOTJ2SJPaCSnxQ2hrb2941mWg92T6Gpw==",
        "dependencies": {
          "Microsoft.AspNetCore.Metadata": "10.0.9",
          "Microsoft.Extensions.Diagnostics": "10.0.9",
          "Microsoft.Extensions.Logging.Abstractions": "10.0.9",
          "Microsoft.Extensions.Options": "10.0.9"
        }
      },
      "Microsoft.CodeAnalysis.Common": {
        "type": "CentralTransitive",
        "requested": "[5.6.0, )",
        "resolved": "5.6.0",
        "contentHash": "eWYNB5e92PSdkQ0xcmy2aLtrvBXNydnVi0Hj/VjaAely6XBqA3By+ClGAJaj4d16pzQmrXPLLK9RDVuS1Ec9xQ==",
        "dependencies": {
          "Microsoft.CodeAnalysis.Analyzers": "5.3.0"
        }
      },
      "Microsoft.CodeAnalysis.CSharp": {
        "type": "CentralTransitive",
        "requested": "[5.6.0, )",
        "resolved": "5.6.0",
        "contentHash": "r1DrKQ/L0xTw03wJrLr36AMQNslyaeEKBFyFmQcOKa8HX3YvmhY//JEUafb6IR/m0gmaUVCfBTWitKJRNb7YAA==",
        "dependencies": {
          "Microsoft.CodeAnalysis.Analyzers": "5.3.0",
          "Microsoft.CodeAnalysis.Common": "[5.6.0]"
        }
      },
      "Microsoft.CodeAnalysis.CSharp.Workspaces": {
        "type": "CentralTransitive",
        "requested": "[5.6.0, )",
        "resolved": "5.6.0",
        "contentHash": "ojTMowxK2X0QPNSixGLI5RBgBQLgo1Blwyct4+HWCVYLXT4iKCyVKKmGjxw4h0AvPzGgd0XfWzSGKJk/jS2LkA==",
        "dependencies": {
          "Humanizer.Core": "2.14.1",
          "Microsoft.CodeAnalysis.Analyzers": "5.3.0",
          "Microsoft.CodeAnalysis.CSharp": "[5.6.0]",
          "Microsoft.CodeAnalysis.Common": "[5.6.0]",
          "Microsoft.CodeAnalysis.Workspaces.Common": "[5.6.0]",
          "System.Composition": "10.0.1"
        }
      },
      "Microsoft.Extensions.Caching.Abstractions": {
        "type": "CentralTransitive",
        "requested": "[10.0.9, )",
        "resolved": "10.0.9",
        "contentHash": "5fGxcw2vuYp8s0wio9H1ECiuk4iKSdTIlNuigdLIrkhg+5XAwgFVDB/5Ots3pfN/QhABLYXutA79JFtnUKDSHA==",
        "dependencies": {
          "Microsoft.Extensions.Primitives": "10.0.9"
        }
      },
      "Microsoft.Extensions.Caching.Memory": {
        "type": "CentralTransitive",
        "requested": "[10.0.9, )",
        "resolved": "10.0.9",
        "contentHash": "G9mregdatGWMCQWeCw012LDeJVP7G/XIxH8Ddbjc8bD1//dA+8VVQdcRE9jI1moyoJxSSZhHITUnNQ8FUDl5+Q==",
        "dependencies": {
          "Microsoft.Extensions.Caching.Abstractions": "10.0.9",
          "Microsoft.Extensions.DependencyInjection.Abstractions": "10.0.9",
          "Microsoft.Extensions.Logging.Abstractions": "10.0.9",
          "Microsoft.Extensions.Options": "10.0.9",
          "Microsoft.Extensions.Primitives": "10.0.9"
        }
      },
      "Microsoft.Extensions.Configuration.Abstractions": {
        "type": "CentralTransitive",
        "requested": "[10.0.9, )",
        "resolved": "10.0.9",
        "contentHash": "qGhRPd3VxfLV9UqatVOiD9mAeUbj2KiMwGFYC5uXlzExiZQoe4X/hdmzGIU7BQjNLTqCnnbTHVyBglG3668/HA==",
        "dependencies": {
          "Microsoft.Extensions.Primitives": "10.0.9"
        }
      },
      "Microsoft.Extensions.Configuration.Binder": {
        "type": "CentralTransitive",
        "requested": "[10.0.9, )",
        "resolved": "10.0.9",
        "contentHash": "Tp/+LPb70RyjjtLg9m5C959eP4KrUpJHThZfAegZVpsfmGvzfuNkuYbI/ft+LvXhMSyUcAeOPaN6rzTccwnZAg==",
        "dependencies": {
          "Microsoft.Extensions.Configuration": "10.0.9",
          "Microsoft.Extensions.Configuration.Abstractions": "10.0.9"
        }
      },
      "Microsoft.Extensions.DependencyInjection": {
        "type": "CentralTransitive",
        "requested": "[10.0.9, )",
        "resolved": "10.0.9",
        "contentHash": "NijozhERJDIaJ4k5TSMy1jOi0cSC2HfkvRD/Sl+kGSSKgVbFnF4GxgtMN/MrzHB8D1JxIrD4xSer9Blh9v3axQ==",
        "dependencies": {
          "Microsoft.Extensions.DependencyInjection.Abstractions": "10.0.9"
        }
      },
      "Microsoft.Extensions.DependencyInjection.Abstractions": {
        "type": "CentralTransitive",
        "requested": "[10.0.9, )",
        "resolved": "10.0.9",
        "contentHash": "g41l/30G3K4B/d/L8kjux0+30e27c8D0FVQ/PFCpbekgfDpj9mnDhieP67EqXWvl1EWNeZh2rpR4F5B/jcDOHA=="
      },
      "Microsoft.Extensions.Diagnostics.HealthChecks": {
        "type": "CentralTransitive",
        "requested": "[10.0.9, )",
        "resolved": "10.0.9",
        "contentHash": "I3mmGlsR73z+7SJJ1ngUG6JfH+UEVTm/42leXxzzr6OKC9DqYIqwZKAjumoH3HEcRqfGPOpo/lfECifQN7qgUA==",
        "dependencies": {
          "Microsoft.Extensions.Diagnostics.HealthChecks.Abstractions": "10.0.9",
          "Microsoft.Extensions.Hosting.Abstractions": "10.0.9",
          "Microsoft.Extensions.Logging.Abstractions": "10.0.9",
          "Microsoft.Extensions.Options": "10.0.9"
        }
      },
      "Microsoft.Extensions.Hosting.Abstractions": {
        "type": "CentralTransitive",
        "requested": "[10.0.9, )",
        "resolved": "10.0.9",
        "contentHash": "Xd/2F+uWblTiUp+ssaDZN2ea4vmnHmW6PXugmqBHumyhqVkyeh6RJ3S2Zo/F+1bXIL/KuGqe2pKv6UiGOc1KeQ==",
        "dependencies": {
          "Microsoft.Extensions.Configuration.Abstractions": "10.0.9",
          "Microsoft.Extensions.DependencyInjection.Abstractions": "10.0.9",
          "Microsoft.Extensions.Diagnostics.Abstractions": "10.0.9",
          "Microsoft.Extensions.FileProviders.Abstractions": "10.0.9",
          "Microsoft.Extensions.Logging.Abstractions": "10.0.9"
        }
      },
      "Microsoft.Extensions.Localization.Abstractions": {
        "type": "CentralTransitive",
        "requested": "[10.0.9, )",
        "resolved": "10.0.9",
        "contentHash": "5Q8Q1+tD5punC+lZTaWqaolLX2bms7dPY2oaxGcXMQbSLwhlTla38qMyRK6G+gFmfKIgRsXWD4redIl0CHD7jA=="
      },
      "Microsoft.Extensions.Logging": {
        "type": "CentralTransitive",
        "requested": "[10.0.9, )",
        "resolved": "10.0.9",
        "contentHash": "N7Gm9SjugYjmmnhwbBKC9DFqGqjfJvh6YfOJgtwh0AW0Xpok3dIVors1ik050XmUxKAgAc7nNngDIJyFb06K2g==",
        "dependencies": {
          "Microsoft.Extensions.DependencyInjection": "10.0.9",
          "Microsoft.Extensions.Logging.Abstractions": "10.0.9",
          "Microsoft.Extensions.Options": "10.0.9"
        }
      },
      "Microsoft.Extensions.Logging.Abstractions": {
        "type": "CentralTransitive",
        "requested": "[10.0.9, )",
        "resolved": "10.0.9",
        "contentHash": "9S/DFt4cohlMPpzIxjG6kk0L8MuN2vDm9pbMCulxtJzzk82oJHVLBd8vuQxaPskaYQwKqmFmbannf5eoChgjYg==",
        "dependencies": {
          "Microsoft.Extensions.DependencyInjection.Abstractions": "10.0.9"
        }
      },
      "Microsoft.Extensions.Options": {
        "type": "CentralTransitive",
        "requested": "[10.0.9, )",
        "resolved": "10.0.9",
        "contentHash": "hyNdX4c2UwkRkzb9byw0H2DQkRzwBM3mzY2sCM9egwzTyg8dvQJmp5noQHGEaaCORQrNK3DD2gREBsc2DlXS4A==",
        "dependencies": {
          "Microsoft.Extensions.DependencyInjection.Abstractions": "10.0.9",
          "Microsoft.Extensions.Primitives": "10.0.9"
        }
      },
      "Microsoft.Extensions.Options.ConfigurationExtensions": {
        "type": "CentralTransitive",
        "requested": "[10.0.9, )",
        "resolved": "10.0.9",
        "contentHash": "Y4E24zffF/aPS0igNvY6ZzAQfbxd6AYdC9L4brnH+uK0yYYHIR6FeGVQVVjAOo8wub1EQDl2B90lCcpqoTF7Yw==",
        "dependencies": {
          "Microsoft.Extensions.Configuration.Abstractions": "10.0.9",
          "Microsoft.Extensions.Configuration.Binder": "10.0.9",
          "Microsoft.Extensions.DependencyInjection.Abstractions": "10.0.9",
          "Microsoft.Extensions.Options": "10.0.9",
          "Microsoft.Extensions.Primitives": "10.0.9"
        }
      },
      "MimeKit": {
        "type": "CentralTransitive",
        "requested": "[4.17.0, )",
        "resolved": "4.17.0",
        "contentHash": "h/KXsCreJf8RpR/PSAtlbvYtZFndp9N8Wn1Bs248AL7ITyhn+AiIY5bLTvt60tbN2mu6g8KadtBNWygTji2lqg==",
        "dependencies": {
          "BouncyCastle.Cryptography": "2.6.2",
          "System.Security.Cryptography.Pkcs": "10.0.0"
        }
      },
      "NewId": {
        "type": "CentralTransitive",
        "requested": "[4.0.1, )",
        "resolved": "4.0.1",
        "contentHash": "jegBasNndmG21G3BmT51suFDCIz/sLN81j+IxmkZ4iWoaDi8LygeHiyNnYbXz5OQh9nCRJFIx1+PJrlYi1Gc9Q=="
      },
      "Newtonsoft.Json": {
        "type": "CentralTransitive",
        "requested": "[13.0.4, )",
        "resolved": "13.0.4",
        "contentHash": "pdgNNMai3zv51W5aq268sujXUyx7SNdE2bj1wZcWjAQrKMFZV260lbqYop1d2GM67JI1huLRwxo9ZqnfF/lC6A=="
      },
      "PDFsharp-MigraDoc": {
        "type": "CentralTransitive",
        "requested": "[6.2.4, )",
        "resolved": "6.2.4",
        "contentHash": "ZlRUJaAAo4K2oMt1v02GTeGOHIOoOvcH1e1WYMpunCG1MK8jd4EBrbzSHoYSN7yOfKWFtOIUfzvmKhRGPsyWQQ==",
        "dependencies": {
          "Microsoft.Extensions.Logging.Abstractions": "8.0.3",
          "PDFsharp": "6.2.4",
          "System.Security.Cryptography.Pkcs": "8.0.1"
        }
      },
      "Polly": {
        "type": "CentralTransitive",
        "requested": "[8.7.0, )",
        "resolved": "8.7.0",
        "contentHash": "0qR4f0OR8FeCAfLWcfwzAM7w6EmpUgwa22PgxKjcL25dEAto7sKpQQXbtxp38vVvK+V3RFkh/TeI7g/iUdoYIQ==",
        "dependencies": {
          "Polly.Core": "8.7.0"
        }
      },
      "Polly.Contrib.Simmy": {
        "type": "CentralTransitive",
        "requested": "[0.3.0, )",
        "resolved": "0.3.0",
        "contentHash": "pLKgfb7LmPqVOzjqdbjWH3pCkJWSnZIygPHfhP4d4JjmNov+sd2IxcFm/m8vPZa6lcRylgTvwIuvWhqR1Z1DYA==",
        "dependencies": {
          "Polly": "7.1.0"
        }
      },
      "Quartz": {
        "type": "CentralTransitive",
        "requested": "[3.18.1, 3.18.1]",
        "resolved": "3.18.1",
        "contentHash": "q/n/gKLcApDlTk90BRNvj6P8HKR+vbtZEQxo5BAbeEoN5e/8/aqRuG6yH7tVg02CeAXAD40boS74s9hVnh4XDw==",
        "dependencies": {
          "Microsoft.Extensions.Logging.Abstractions": "2.1.1"
        }
      },
      "Quartz.Extensions.DependencyInjection": {
        "type": "CentralTransitive",
        "requested": "[3.18.1, 3.18.1]",
        "resolved": "3.18.1",
        "contentHash": "ct+sIqr7n961jvo695GnqHjB+dhK6b/Y9LSXxK6n9EJ6JzMXpwcusd5u2lCqVqqNHaiGBLXp37E75hpPXHQkzA==",
        "dependencies": {
          "Microsoft.Extensions.Configuration.Abstractions": "10.0.0",
          "Microsoft.Extensions.Options": "10.0.0",
          "Quartz": "3.18.1"
        }
      },
      "Scrutor": {
        "type": "CentralTransitive",
        "requested": "[4.2.2, 5.0.0)",
        "resolved": "4.2.2",
        "contentHash": "t5VIYA7WJXoJJo7s4DoHakMGwTu+MeEnZumMOhTCH7kz9xWha24G7dJNxWrHPlu0ZdZAS4jDZCxxAnyaBh7uYw==",
        "dependencies": {
          "Microsoft.Extensions.DependencyInjection.Abstractions": "6.0.0",
          "Microsoft.Extensions.DependencyModel": "6.0.0"
        }
      },
      "Serilog": {
        "type": "CentralTransitive",
        "requested": "[4.3.1, )",
        "resolved": "4.3.1",
        "contentHash": "savYe7h5yRlkqBVOwP8cIRDOdqKiPmYCU4W87JH38sBmcKD5EBoXvQIw6bNEvZ/pTe1gsiye3VFCzBsoppGkXQ=="
      },
      "SharpCompress": {
        "type": "CentralTransitive",
        "requested": "[0.49.1, )",
        "resolved": "0.49.1",
        "contentHash": "Meygd8HAnUgqYzxvCsaYR5XnZAG2xBmxkQHVGi/HkCjrvEq+tiM+VPQRvYLxsbse3KUmec65ccdMiOXv8CkjsA=="
      },
      "System.Linq.Dynamic.Core": {
        "type": "CentralTransitive",
        "requested": "[1.7.2, )",
        "resolved": "1.7.2",
        "contentHash": "11SGBy8DCywOVElSs2J+Cd4WFHruFrBnaaQ86q2HWHBGcCAQDLnbA0ivpFvMeXGPqcEPE+Q3HZtXaXN4F8JLQg=="
      }
    }
  }
}