{
  "version": 2,
  "dependencies": {
    "net10.0": {
      "Ensure.That": {
        "type": "Direct",
        "requested": "[10.1.0, )",
        "resolved": "10.1.0",
        "contentHash": "rzTMSs0lQnu0WsesvTjs/zDzqiZXb9r5dv+wFQcPg/iIZqXb5BzwpIWEwi8Q3HA0TS4ytRcY129aSek6IzuOmA=="
      },
      "Microsoft.Data.SqlClient": {
        "type": "Direct",
        "requested": "[7.0.2, )",
        "resolved": "7.0.2",
        "contentHash": "zwv76lANFQQI6Gmp6ntkzMWIWVqm8Wf4Mz00AeGCk1n8HCi5afi6bNynSe18uI0xeL0n6J+Myjk9AiIsL5oSqw==",
        "dependencies": {
          "Microsoft.Bcl.Cryptography": "9.0.13",
          "Microsoft.Data.SqlClient.Extensions.Abstractions": "[7.0.2, 8.0.0)",
          "Microsoft.Data.SqlClient.Internal.Logging": "[7.0.2, 8.0.0)",
          "Microsoft.Data.SqlClient.SNI.runtime": "[6.0.2, 7.0.0)",
          "Microsoft.IdentityModel.JsonWebTokens": "8.16.0",
          "Microsoft.IdentityModel.Protocols.OpenIdConnect": "8.16.0",
          "Microsoft.SqlServer.Server": "[1.0.0, 2.0.0)",
          "System.Configuration.ConfigurationManager": "9.0.13",
          "System.Security.Cryptography.Pkcs": "9.0.13"
        }
      },
      "Microsoft.EntityFrameworkCore.Design": {
        "type": "Direct",
        "requested": "[10.0.11, )",
        "resolved": "10.0.11",
        "contentHash": "0zlzPs/jtrp2jGNZSxHLd0bRgDB/TlCDT17pnt8hovTVgCmC6qbX1277/goAlnZbRip1mZp1TVjjG+tj9PQ/Uw==",
        "dependencies": {
          "Humanizer.Core": "2.14.1",
          "Microsoft.Build.Framework": "18.0.2",
          "Microsoft.CodeAnalysis.CSharp": "5.0.0",
          "Microsoft.CodeAnalysis.CSharp.Workspaces": "5.0.0",
          "Microsoft.CodeAnalysis.Workspaces.MSBuild": "5.0.0",
          "Microsoft.EntityFrameworkCore.Relational": "10.0.11",
          "Microsoft.Extensions.DependencyModel": "10.0.11",
          "Mono.TextTemplating": "3.0.0",
          "Newtonsoft.Json": "13.0.4"
        }
      },
      "MinVer": {
        "type": "Direct",
        "requested": "[7.0.0, )",
        "resolved": "7.0.0",
        "contentHash": "2lMTCQl5bGP4iv0JNkockPnyllC6eHLz+CoK2ICvalvHod+exXSxueu9hq+zNkU7bZBJf8wMfeRC/Edn8AGmEg=="
      },
      "NSwag.AspNetCore": {
        "type": "Direct",
        "requested": "[14.7.1, )",
        "resolved": "14.7.1",
        "contentHash": "dL25k8teUyyCDsfRRzezRE++yruSLmsPuGwyl6cHBJQa+ivp0MgQ20VONJ33wzHHLediMTW6X18hKu8qP2Vbmg==",
        "dependencies": {
          "NJsonSchema": "11.6.1",
          "NJsonSchema.NewtonsoftJson": "11.6.1",
          "NJsonSchema.Yaml": "11.6.1",
          "NSwag.Annotations": "14.7.1",
          "NSwag.Core.Yaml": "14.7.1",
          "NSwag.Generation.AspNetCore": "14.7.1",
          "Namotion.Reflection": "3.5.0",
          "Newtonsoft.Json": "13.0.3"
        }
      },
      "NSwag.MSBuild": {
        "type": "Direct",
        "requested": "[14.7.1, )",
        "resolved": "14.7.1",
        "contentHash": "4ks/+vtuFoP5D1Vsc0h7yCYyL8Rhhmnvwb9iHEm1//1y9oluQViQD9spqLaGjPv2Itjz5TQPLdkeky/wgRx8dg=="
      },
      "BouncyCastle.Cryptography": {
        "type": "Transitive",
        "resolved": "2.6.2",
        "contentHash": "7oWOcvnntmMKNzDLsdxAYqApt+AjpRpP2CShjMfIa3umZ42UQMvH0tl1qAliYPNYO6vTdcGMqnRrCPmsfzTI1w=="
      },
      "Mapster.Core": {
        "type": "Transitive",
        "resolved": "10.0.11",
        "contentHash": "vpChY4hsk+CvIR3AFN/uQJkkP6gwYSUZFnuqgWBiTTbThbFEnB6chP7QUoSWZBcuPAnOjol09Ev7F1PVwECAIg=="
      },
      "MessagePack.Annotations": {
        "type": "Transitive",
        "resolved": "3.1.8",
        "contentHash": "SitOtZ4tOlAZZPF7p52M7143F+Cuz7o/aU0MrtAXX0+ZkPXzDNroOFhzzE2ogMFThsoEW/E6akXVVcBFM9ZKaw=="
      },
      "MessagePackAnalyzer": {
        "type": "Transitive",
        "resolved": "3.1.8",
        "contentHash": "Vm4g0cR4YRKRchEOmMJ0uVFU6yxdg7cJa2KHv3SUAHEsdYKvMpHMF5A1hZfsix89ymD5cmuzRnw9a6dKMcvq+Q=="
      },
      "Microsoft.Bcl.Cryptography": {
        "type": "Transitive",
        "resolved": "10.0.2",
        "contentHash": "LG9Yll3B5aNpxv0+D47g6LiOiKBIlodhcHdQwcYzo8VeexFLGqx5ymetmA2aBRyo9cCcWsQWrFsdbsr8LvmWDw=="
      },
      "Microsoft.Build.Framework": {
        "type": "Transitive",
        "resolved": "18.0.2",
        "contentHash": "sOSb+0J4G/jCBW/YqmRuL0eOMXgfw1KQLdC9TkbvfA5xs7uNm+PBQXJCOzSJGXtZcZrtXozcwxPmUiRUbmd7FA=="
      },
      "Microsoft.CodeAnalysis.Analyzers": {
        "type": "Transitive",
        "resolved": "5.3.0",
        "contentHash": "KuLhbZwB0L8JikL86AE5VWEp3RLNjIcp+j8yz9EJ/UBgRz4+qDEjHg/tluRFbpYpD/e37BqaaNFbQ0vqawBwWQ=="
      },
      "Microsoft.CodeAnalysis.Workspaces.Common": {
        "type": "Transitive",
        "resolved": "5.6.0",
        "contentHash": "ILscYALZ5u7MRl2paiiSqn23/5qiy3vvcqBEP/C7RnGJtQQKKtPz5vEBtvDeDTaLzB9/w9d/bxfRYnaq5Pz00g==",
        "dependencies": {
          "Humanizer.Core": "2.14.1",
          "Microsoft.CodeAnalysis.Analyzers": "5.3.0",
          "Microsoft.CodeAnalysis.Common": "[5.6.0]",
          "System.Composition": "10.0.1"
        }
      },
      "Microsoft.CodeAnalysis.Workspaces.MSBuild.Contracts": {
        "type": "Transitive",
        "resolved": "5.6.0",
        "contentHash": "lkcHH4n4BFZa+vQy4/M6Tb9QNpxdd5LxXBpRhKFrNx2xKs68I8yE9p9TpB2srCPlb+8eoNERblL6FcH/DOrr2A=="
      },
      "Microsoft.Data.SqlClient.Extensions.Abstractions": {
        "type": "Transitive",
        "resolved": "7.0.2",
        "contentHash": "Zx7z61fG2Nc6LdDn4jA7b5Aj1ABrljkOPRE31RvVUdjF6IgbG60leDUhMCafsnWFgaheiK3iqpLe+kbf5Z5L8Q==",
        "dependencies": {
          "Microsoft.Data.SqlClient.Internal.Logging": "[7.0.2, 8.0.0)"
        }
      },
      "Microsoft.Data.SqlClient.Internal.Logging": {
        "type": "Transitive",
        "resolved": "7.0.2",
        "contentHash": "iqgYBbGSVy/DIYWjzmQOa964Kn4rs4wW5vg2IamqVK0fQqfTiILVR5hMK27XWqoyONtAZs+VxH354cPJBtSnbg=="
      },
      "Microsoft.Data.SqlClient.SNI.runtime": {
        "type": "Transitive",
        "resolved": "6.0.2",
        "contentHash": "f+pRODTWX7Y67jXO3T5S2dIPZ9qMJNySjlZT/TKmWVNWe19N8jcWmHaqHnnchaq3gxEKv1SWVY5EFzOD06l41w=="
      },
      "Microsoft.EntityFrameworkCore.Abstractions": {
        "type": "Transitive",
        "resolved": "10.0.11",
        "contentHash": "6auJR+9+9VunznKfH7WGrHMrnrmA0F7JZ22EXzwXvVhjfnbu9Xq7NSIWaOf3KJsOanM2qf5ajJ2JR5TlcPZTLA=="
      },
      "Microsoft.EntityFrameworkCore.Analyzers": {
        "type": "Transitive",
        "resolved": "10.0.11",
        "contentHash": "Bv7X4wSSnzCQED9WYXKJ8fwgyvKwf0xZM1GO8xkf6CF9zl+UBnvjxmcPnokJRy0JKjc1SlHSzzhx1HcL4jitTQ=="
      },
      "Microsoft.Extensions.DependencyModel": {
        "type": "Transitive",
        "resolved": "10.0.11",
        "contentHash": "PJPtFYsZ+r+uz9qqXWUTEyKeJ1EiBGIJtqavkg9ZXijjGSFAk4Fgi5sqIxj+uAyLZwEKgexDUQXhWhvU6l3+og=="
      },
      "Microsoft.IdentityModel.Abstractions": {
        "type": "Transitive",
        "resolved": "8.22.0",
        "contentHash": "LU3V3owsu4vGpCg2kyL7SsQEuHwcoJ8FSNBqzLADzCf3/PcKUTcx5Plsd51DoTJMfK/WigXV/03UhaN5JXE6uQ=="
      },
      "Microsoft.IdentityModel.JsonWebTokens": {
        "type": "Transitive",
        "resolved": "8.22.0",
        "contentHash": "kv6peMLjALZLDAy2H3F77KjVRdwiscn2p/g3ui2chcbuEcAX2MpAbyDcYnJ7Vyh8jZ1aJWrniUMCDWoOgnu4NQ==",
        "dependencies": {
          "Microsoft.IdentityModel.Tokens": "8.22.0"
        }
      },
      "Microsoft.IdentityModel.Logging": {
        "type": "Transitive",
        "resolved": "8.22.0",
        "contentHash": "G9Tl0yXSlr2pkXv4EpXjO16M4q6oo9N/od+gNyOusZ8yM8LZg1H3f/QOMFuOJiV6znzY5MkAREU97JRRnqpEQw==",
        "dependencies": {
          "Microsoft.IdentityModel.Abstractions": "8.22.0"
        }
      },
      "Microsoft.IdentityModel.Protocols": {
        "type": "Transitive",
        "resolved": "8.22.0",
        "contentHash": "q7VTnFzKHOUy1L7M6FOTD0nUboDobJIPb+Sl13bQ4O0lYtpTJ9wemcuZaDYOmT/3ZKyUUCFuFjt5UReYC2dlQA==",
        "dependencies": {
          "Microsoft.IdentityModel.Tokens": "8.22.0"
        }
      },
      "Microsoft.IdentityModel.Tokens": {
        "type": "Transitive",
        "resolved": "8.22.0",
        "contentHash": "i4lywKKUuVmheCUA+w/q8QNPReNI0qanHI9hhz48AFqD1ljyb8sxPL2RbXOGiPV13XdJ4kxieL9ukS7tD43LxA==",
        "dependencies": {
          "Microsoft.Bcl.Cryptography": "10.0.2",
          "Microsoft.IdentityModel.Logging": "8.22.0"
        }
      },
      "Microsoft.NET.StringTools": {
        "type": "Transitive",
        "resolved": "17.11.4",
        "contentHash": "mudqUHhNpeqIdJoUx2YDWZO/I9uEDYVowan89R6wsomfnUJQk6HteoQTlNjZDixhT2B4IXMkMtgZtoceIjLRmA=="
      },
      "Microsoft.SqlServer.Server": {
        "type": "Transitive",
        "resolved": "1.0.0",
        "contentHash": "N4KeF3cpcm1PUHym1RmakkzfkEv3GRMyofVv40uXsQhCQeglr2OHNcUk2WOG51AKpGO8ynGpo9M/kFXSzghwug=="
      },
      "Microsoft.VisualStudio.SolutionPersistence": {
        "type": "Transitive",
        "resolved": "1.0.52",
        "contentHash": "oNv2JtYXhpdJrX63nibx1JT3uCESOBQ1LAk7Dtz/sr0+laW0KRM6eKp4CZ3MHDR2siIkKsY8MmUkeP5DKkQQ5w=="
      },
      "Mono.TextTemplating": {
        "type": "Transitive",
        "resolved": "3.0.0",
        "contentHash": "YqueG52R/Xej4VVbKuRIodjiAhV0HR/XVbLbNrJhCZnzjnSjgMJ/dCdV0akQQxavX6hp/LC6rqLGLcXeQYU7XA==",
        "dependencies": {
          "System.CodeDom": "6.0.0"
        }
      },
      "Namotion.Reflection": {
        "type": "Transitive",
        "resolved": "3.5.0",
        "contentHash": "FnASiAaTGSmB4SaSroIwnK4ph9noFIXZpPOMezDqWw5S/TNakzSnawPeM7u0Auq1/EqJXeqG4s6UjfrGBH33Ow=="
      },
      "NJsonSchema": {
        "type": "Transitive",
        "resolved": "11.6.1",
        "contentHash": "miqvNY4OSXCWVqaMqt0A8VUkij0UH1oPosHMLP+t6/nWNSSzWDPmm7G2DjVW7M9evy0x5DE2pS/DDTtKCpbzSQ==",
        "dependencies": {
          "NJsonSchema.Annotations": "11.6.1",
          "Namotion.Reflection": "3.5.0",
          "Newtonsoft.Json": "13.0.3"
        }
      },
      "NJsonSchema.Annotations": {
        "type": "Transitive",
        "resolved": "11.6.1",
        "contentHash": "WA4z8iK+0SOh2/qoo7rtEanj/LjJZ8oWWoXI8u1xcYMk6VzHONqpabJBYGrzqDO41ld+VQHOFL+B8MXncIVSSA=="
      },
      "NJsonSchema.NewtonsoftJson": {
        "type": "Transitive",
        "resolved": "11.6.1",
        "contentHash": "yuGwViKjNT7BAosX1UAl2asAczupUS0v1IZ0/cO5UXonhjUgE1LmAjAMqHjpbaXiDM+HrQIkJh3bv/2faY2aJg==",
        "dependencies": {
          "NJsonSchema": "11.6.1",
          "Newtonsoft.Json": "13.0.3"
        }
      },
      "NJsonSchema.Yaml": {
        "type": "Transitive",
        "resolved": "11.6.1",
        "contentHash": "3jH3tupVurenoO+bnp9BWR5G46caNqXSWSMGuwb403F7a9vkO13LycuyjD9ohpZHI9crFY8EUWco+pL7eTUxdg==",
        "dependencies": {
          "NJsonSchema": "11.6.1",
          "YamlDotNet": "16.3.0"
        }
      },
      "NSwag.Annotations": {
        "type": "Transitive",
        "resolved": "14.7.1",
        "contentHash": "4McUe39+UXcJc0fk+ZfUy87cy3Myh89/EaGgQwnBKKUsNMc5WEbP+TVk0ByHKGQf9hoO9ouaOGCGeJD0EVQkjg=="
      },
      "NSwag.Core": {
        "type": "Transitive",
        "resolved": "14.7.1",
        "contentHash": "iwwAeMZ3kugAKCokuOdHzKK/OHdp19vUP/B32CJO10HHzVgC+O4M7HXtHuDf9tloC3OEJ2wkUV4/cYrX4Mr98g==",
        "dependencies": {
          "NJsonSchema": "11.6.1",
          "Namotion.Reflection": "3.5.0",
          "Newtonsoft.Json": "13.0.3"
        }
      },
      "NSwag.Core.Yaml": {
        "type": "Transitive",
        "resolved": "14.7.1",
        "contentHash": "C6nkmDBI/Ps54kilnIgq3S9KQnj4IWvncD4xyYolukueqNSTH8gLgPleff0XAgVWZEvFSIKKSTD4q6rxrpkp2w==",
        "dependencies": {
          "NJsonSchema": "11.6.1",
          "NJsonSchema.Yaml": "11.6.1",
          "NSwag.Core": "14.7.1",
          "Namotion.Reflection": "3.5.0",
          "Newtonsoft.Json": "13.0.3"
        }
      },
      "NSwag.Generation": {
        "type": "Transitive",
        "resolved": "14.7.1",
        "contentHash": "+c7KhqBYoDkuEwuzkTG2FYYX6IuBRsXhOVuzO4QcFCwLXqNIzN1v+zAAdNjpd751I8jurpIes4Y7FoFuei/Uag==",
        "dependencies": {
          "NJsonSchema": "11.6.1",
          "NJsonSchema.NewtonsoftJson": "11.6.1",
          "NSwag.Core": "14.7.1",
          "Namotion.Reflection": "3.5.0",
          "Newtonsoft.Json": "13.0.3"
        }
      },
      "NSwag.Generation.AspNetCore": {
        "type": "Transitive",
        "resolved": "14.7.1",
        "contentHash": "nd1DXN9SwnzdJKtR+EqXHGE6cbkbKjo3AViwpGIBurrLEnYevC8vqkRSKdfhuHViSsihqWXF+Q9rR19yyNFiOA==",
        "dependencies": {
          "NJsonSchema": "11.6.1",
          "NJsonSchema.NewtonsoftJson": "11.6.1",
          "NSwag.Generation": "14.7.1",
          "Namotion.Reflection": "3.5.0",
          "Newtonsoft.Json": "13.0.3"
        }
      },
      "Polly.Core": {
        "type": "Transitive",
        "resolved": "8.7.0",
        "contentHash": "BS2t+nsBer16PIebCEPNBK5fgMisADQyRCd7K+BgkMWpFmSaiYE+rVVNpFhGRqUkJmNSLmw0uCNzHHWfgml28Q=="
      },
      "System.CodeDom": {
        "type": "Transitive",
        "resolved": "6.0.0",
        "contentHash": "CPc6tWO1LAer3IzfZufDBRL+UZQcj5uS207NHALQzP84Vp/z6wF0Aa0YZImOQY8iStY0A2zI/e3ihKNPfUm8XA=="
      },
      "System.Composition": {
        "type": "Transitive",
        "resolved": "10.0.1",
        "contentHash": "DJkqaWQfho/ReTzKcZD3zJJ6K4GcS154k+T0UCPMBNIOZ2U/lNpyiiWZ6Etw0onWyTH1K+yhICsdmwA5xy2aPQ==",
        "dependencies": {
          "System.Composition.AttributedModel": "10.0.1",
          "System.Composition.Convention": "10.0.1",
          "System.Composition.Hosting": "10.0.1",
          "System.Composition.Runtime": "10.0.1",
          "System.Composition.TypedParts": "10.0.1"
        }
      },
      "System.Composition.AttributedModel": {
        "type": "Transitive",
        "resolved": "10.0.1",
        "contentHash": "mRxYvpCVPAeuLEk0c0kxWJVjbW1/HUoxCgYotOj9eDeQiYcTDOMdCQApsTrHYMN3pHBA8WoF00KGolG632Etaw=="
      },
      "System.Composition.Convention": {
        "type": "Transitive",
        "resolved": "10.0.1",
        "contentHash": "dYynUByfVBzYDheNPGxS8UN8AvG/4tXf/coSs1odHOyoh4etv1kad/FrLWLMq4f8NO49NV20Xu+0/y613woTUA==",
        "dependencies": {
          "System.Composition.AttributedModel": "10.0.1"
        }
      },
      "System.Composition.Hosting": {
        "type": "Transitive",
        "resolved": "10.0.1",
        "contentHash": "4UGmyBdKWEN1nkqspJlji/nV7XIVm6KGlOC2So0mtM/gKvaNgLz+tUkcbY+6Zpr7dr6ohX1S5yl0RLID5otRHw==",
        "dependencies": {
          "System.Composition.Runtime": "10.0.1"
        }
      },
      "System.Composition.Runtime": {
        "type": "Transitive",
        "resolved": "10.0.1",
        "contentHash": "TVfys1gnUIhmXuYfFzyez0fOkDyELe9UwlxYeVlq6FmqmWmt1ouF0OQJ+6ozkHbkaop7uBUaXw7Qb+/o0m+nMg=="
      },
      "System.Composition.TypedParts": {
        "type": "Transitive",
        "resolved": "10.0.1",
        "contentHash": "koSfjkdQZfgQr3SyiSIBboDn+GiR0vZ3x9Uek9FJbXK0w5AiATV8KrnMEP8B8OAlO+Y3zQf0CPCNzwH+VIYDKg==",
        "dependencies": {
          "System.Composition.AttributedModel": "10.0.1",
          "System.Composition.Hosting": "10.0.1",
          "System.Composition.Runtime": "10.0.1"
        }
      },
      "System.Configuration.ConfigurationManager": {
        "type": "Transitive",
        "resolved": "9.0.13",
        "contentHash": "GbBrJq9S/gYpHzm7Pxx6Y5tDyfSfyxW6tlP5oiKJV38uf19Wp+GIIAnWfyL1zmNiz1+EjwVapw2WkBFvvqKQzg==",
        "dependencies": {
          "System.Security.Cryptography.ProtectedData": "9.0.13"
        }
      },
      "System.Security.Cryptography.Pkcs": {
        "type": "Transitive",
        "resolved": "10.0.0",
        "contentHash": "UPWqLSygJlFerRi9XNIuM0a1VC8gHUIufyP24xQ0sc+XimqUAEcjpOz9DhKpyDjH+5B/wO3RpC0KpkEeDj/ddg=="
      },
      "System.Security.Cryptography.ProtectedData": {
        "type": "Transitive",
        "resolved": "9.0.13",
        "contentHash": "t8S9IDpjJKsLpLkeBdW8cWtcPyYqrGu93Dej1RO6WwuL/lkFSqWlan3rMJfortqz1mRIh+sys2AFsSA6jWJ3Jg=="
      },
      "YamlDotNet": {
        "type": "Transitive",
        "resolved": "16.3.0",
        "contentHash": "SgMOdxbz8X65z8hraIs6hOEdnkH6hESTAIUa7viEngHOYaH+6q5XJmwr1+yb9vJpNQ19hCQY69xbFsLtXpobQA=="
      },
      "BridgingIT.DevKit.Application.Commands": {
        "type": "Project",
        "dependencies": {
          "BridgingIT.DevKit.Common.Abstractions": "[1.0.0, )",
          "BridgingIT.DevKit.Common.Caching": "[1.0.0, )",
          "BridgingIT.DevKit.Common.Modules": "[1.0.0, )",
          "BridgingIT.DevKit.Common.Utilities": "[1.0.0, )",
          "BridgingIT.DevKit.Domain.Mediator": "[1.0.0, )",
          "Ensure.That": "[10.1.0, )",
          "Humanizer.Core": "[3.0.10, )",
          "MediatR": "[12.5.0, 12.5.0]",
          "Polly": "[8.7.0, )",
          "Polly.Contrib.Simmy": "[0.3.0, )"
        }
      },
      "BridgingIT.DevKit.Application.Commands.EventSourcing": {
        "type": "Project",
        "dependencies": {
          "BridgingIT.DevKit.Application.Commands": "[1.0.0, )",
          "BridgingIT.DevKit.Domain.EventSourcing.Mediator": "[1.0.0, )",
          "Ensure.That": "[10.1.0, )"
        }
      },
      "BridgingIT.DevKit.Application.Commands.Outbox": {
        "type": "Project",
        "dependencies": {
          "BridgingIT.DevKit.Application.Commands": "[1.0.0, )",
          "BridgingIT.DevKit.Domain.Outbox": "[1.0.0, )",
          "Ensure.That": "[10.1.0, )"
        }
      },
      "BridgingIT.DevKit.Application.Entities": {
        "type": "Project",
        "dependencies": {
          "BridgingIT.DevKit.Application.Commands": "[1.0.0, )",
          "BridgingIT.DevKit.Application.Queries": "[1.0.0, )",
          "BridgingIT.DevKit.Common.Abstractions": "[1.0.0, )",
          "BridgingIT.DevKit.Domain": "[1.0.0, )",
          "Ensure.That": "[10.1.0, )"
        }
      },
      "BridgingIT.DevKit.Application.Identity": {
        "type": "Project",
        "dependencies": {
          "BridgingIT.DevKit.Common.Caching": "[1.0.0, )",
          "BridgingIT.DevKit.Domain": "[1.0.0, )",
          "Ensure.That": "[10.1.0, )"
        }
      },
      "BridgingIT.DevKit.Application.Jobs": {
        "type": "Project",
        "dependencies": {
          "BridgingIT.DevKit.Common.Abstractions": "[1.0.0, )",
          "BridgingIT.DevKit.Common.Modules": "[1.0.0, )",
          "BridgingIT.DevKit.Common.Results": "[1.0.0, )",
          "BridgingIT.DevKit.Common.Serialization": "[1.0.0, )",
          "BridgingIT.DevKit.Common.Utilities": "[1.0.0, )",
          "Cronos": "[0.13.0, )",
          "Ensure.That": "[10.1.0, )",
          "Microsoft.Extensions.TimeProvider.Testing": "[10.9.0, )"
        }
      },
      "BridgingIT.DevKit.Application.JobScheduling": {
        "type": "Project",
        "dependencies": {
          "BridgingIT.DevKit.Common.Abstractions": "[1.0.0, )",
          "BridgingIT.DevKit.Common.Modules": "[1.0.0, )",
          "BridgingIT.DevKit.Common.Options": "[1.0.0, )",
          "BridgingIT.DevKit.Common.Utilities": "[1.0.0, )",
          "Ensure.That": "[10.1.0, )",
          "Humanizer.Core": "[3.0.10, )",
          "Polly": "[8.7.0, )",
          "Polly.Contrib.Simmy": "[0.3.0, )",
          "Quartz": "[3.18.1, 3.18.1]",
          "Quartz.Extensions.DependencyInjection": "[3.18.1, 3.18.1]"
        }
      },
      "BridgingIT.DevKit.Application.Messaging": {
        "type": "Project",
        "dependencies": {
          "BridgingIT.DevKit.Common.Abstractions": "[1.0.0, )",
          "BridgingIT.DevKit.Common.Modules": "[1.0.0, )",
          "BridgingIT.DevKit.Common.Options": "[1.0.0, )",
          "BridgingIT.DevKit.Common.Serialization": "[1.0.0, )",
          "BridgingIT.DevKit.Common.Utilities": "[1.0.0, )",
          "Ensure.That": "[10.1.0, )",
          "Humanizer.Core": "[3.0.10, )",
          "Polly": "[8.7.0, )",
          "Polly.Contrib.Simmy": "[0.3.0, )"
        }
      },
      "BridgingIT.DevKit.Application.Notifications": {
        "type": "Project",
        "dependencies": {
          "BridgingIT.DevKit.Common.Serialization": "[1.0.0, )",
          "BridgingIT.DevKit.Common.Utilities": "[1.0.0, )",
          "Ensure.That": "[10.1.0, )",
          "MailKit": "[4.17.0, )",
          "MimeKit": "[4.17.0, )"
        }
      },
      "BridgingIT.DevKit.Application.Orchestrations": {
        "type": "Project",
        "dependencies": {
          "BridgingIT.DevKit.Common.Abstractions": "[1.0.0, )",
          "BridgingIT.DevKit.Common.Options": "[1.0.0, )",
          "BridgingIT.DevKit.Common.Results": "[1.0.0, )",
          "BridgingIT.DevKit.Common.Serialization": "[1.0.0, )",
          "BridgingIT.DevKit.Common.Utilities": "[1.0.0, )",
          "Ensure.That": "[10.1.0, )"
        }
      },
      "BridgingIT.DevKit.Application.Queries": {
        "type": "Project",
        "dependencies": {
          "BridgingIT.DevKit.Common.Abstractions": "[1.0.0, )",
          "BridgingIT.DevKit.Common.Caching": "[1.0.0, )",
          "BridgingIT.DevKit.Common.Mapping": "[1.0.0, )",
          "BridgingIT.DevKit.Common.Modules": "[1.0.0, )",
          "BridgingIT.DevKit.Common.Results": "[1.0.0, )",
          "BridgingIT.DevKit.Common.Utilities": "[1.0.0, )",
          "Ensure.That": "[10.1.0, )",
          "Humanizer.Core": "[3.0.10, )",
          "MediatR": "[12.5.0, 12.5.0]",
          "Polly": "[8.7.0, )",
          "Polly.Contrib.Simmy": "[0.3.0, )"
        }
      },
      "BridgingIT.DevKit.Application.Queueing": {
        "type": "Project",
        "dependencies": {
          "BridgingIT.DevKit.Common.Abstractions": "[1.0.0, )",
          "BridgingIT.DevKit.Common.Modules": "[1.0.0, )",
          "BridgingIT.DevKit.Common.Options": "[1.0.0, )",
          "BridgingIT.DevKit.Common.Serialization": "[1.0.0, )",
          "BridgingIT.DevKit.Common.Utilities": "[1.0.0, )",
          "Ensure.That": "[10.1.0, )",
          "FluentValidation": "[12.1.1, )"
        }
      },
      "BridgingIT.DevKit.Application.Storage": {
        "type": "Project",
        "dependencies": {
          "BridgingIT.DevKit.Common.Abstractions": "[1.0.0, )",
          "BridgingIT.DevKit.Common.Caching": "[1.0.0, )",
          "BridgingIT.DevKit.Common.Utilities": "[1.0.0, )",
          "Ensure.That": "[10.1.0, )",
          "Humanizer.Core": "[3.0.10, )",
          "Polly": "[8.7.0, )",
          "Polly.Contrib.Simmy": "[0.3.0, )",
          "Scrutor": "[4.2.2, 5.0.0)",
          "SharpCompress": "[1.0.0, )"
        }
      },
      "BridgingIT.DevKit.Application.Utilities": {
        "type": "Project",
        "dependencies": {
          "BridgingIT.DevKit.Common.Modules": "[1.0.0, )",
          "BridgingIT.DevKit.Common.Utilities": "[1.0.0, )",
          "Ensure.That": "[10.1.0, )"
        }
      },
      "BridgingIT.DevKit.Common.Abstractions": {
        "type": "Project",
        "dependencies": {
          "Ensure.That": "[10.1.0, )",
          "FluentValidation": "[12.1.1, )"
        }
      },
      "BridgingIT.DevKit.Common.Caching": {
        "type": "Project",
        "dependencies": {
          "BridgingIT.DevKit.Common.Utilities": "[1.0.0, )",
          "Ensure.That": "[10.1.0, )"
        }
      },
      "BridgingIT.DevKit.Common.Mapping": {
        "type": "Project",
        "dependencies": {
          "BridgingIT.DevKit.Common.Results": "[1.0.0, )",
          "BridgingIT.DevKit.Common.Utilities": "[1.0.0, )",
          "Ensure.That": "[10.1.0, )",
          "Mapster": "[10.0.11, )",
          "Mapster.DependencyInjection": "[10.0.11, )"
        }
      },
      "BridgingIT.DevKit.Common.Modules": {
        "type": "Project",
        "dependencies": {
          "BridgingIT.DevKit.Common.Utilities": "[1.0.0, )",
          "Ensure.That": "[10.1.0, )",
          "FluentValidation": "[12.1.1, )",
          "Scrutor": "[4.2.2, 5.0.0)",
          "Serilog": "[4.4.0, )"
        }
      },
      "BridgingIT.DevKit.Common.Options": {
        "type": "Project",
        "dependencies": {
          "Ensure.That": "[10.1.0, )"
        }
      },
      "BridgingIT.DevKit.Common.Results": {
        "type": "Project",
        "dependencies": {
          "BridgingIT.DevKit.Common.Abstractions": "[1.0.0, )",
          "Ensure.That": "[10.1.0, )",
          "FluentValidation": "[12.1.1, )"
        }
      },
      "BridgingIT.DevKit.Common.Rules": {
        "type": "Project",
        "dependencies": {
          "BridgingIT.DevKit.Common.Abstractions": "[1.0.0, )",
          "BridgingIT.DevKit.Common.Results": "[1.0.0, )",
          "Ensure.That": "[10.1.0, )",
          "FluentValidation": "[12.1.1, )"
        }
      },
      "BridgingIT.DevKit.Common.Serialization": {
        "type": "Project",
        "dependencies": {
          "BridgingIT.DevKit.Common.Abstractions": "[1.0.0, )",
          "BridgingIT.DevKit.Common.Results": "[1.0.0, )",
          "CsvHelper": "[33.1.0, )",
          "Ensure.That": "[10.1.0, )",
          "MessagePack": "[3.1.8, )",
          "Newtonsoft.Json": "[13.0.4, )"
        }
      },
      "BridgingIT.DevKit.Common.Utilities": {
        "type": "Project",
        "dependencies": {
          "BridgingIT.DevKit.Common.Abstractions": "[1.0.0, )",
          "BridgingIT.DevKit.Common.Options": "[1.0.0, )",
          "BridgingIT.DevKit.Common.Serialization": "[1.0.0, )",
          "Ensure.That": "[10.1.0, )",
          "FluentValidation": "[12.1.1, )",
          "Humanizer.Core": "[3.0.10, )",
          "NewId": "[4.0.1, )",
          "Polly": "[8.7.0, )",
          "Polly.Contrib.Simmy": "[0.3.0, )"
        }
      },
      "BridgingIT.DevKit.Domain": {
        "type": "Project",
        "dependencies": {
          "BridgingIT.DevKit.Common.Abstractions": "[1.0.0, )",
          "BridgingIT.DevKit.Common.Mapping": "[1.0.0, )",
          "BridgingIT.DevKit.Common.Options": "[1.0.0, )",
          "BridgingIT.DevKit.Common.Results": "[1.0.0, )",
          "BridgingIT.DevKit.Common.Rules": "[1.0.0, )",
          "BridgingIT.DevKit.Common.Utilities": "[1.0.0, )",
          "Ensure.That": "[10.1.0, )",
          "MediatR.Contracts": "[2.0.1, 2.0.1]",
          "Scrutor": "[4.2.2, 5.0.0)",
          "System.Linq.Dynamic.Core": "[1.7.3, )"
        }
      },
      "BridgingIT.DevKit.Domain.EventSourcing": {
        "type": "Project",
        "dependencies": {
          "BridgingIT.DevKit.Common.Utilities": "[1.0.0, )",
          "BridgingIT.DevKit.Domain": "[1.0.0, )",
          "Ensure.That": "[10.1.0, )"
        }
      },
      "BridgingIT.DevKit.Domain.EventSourcing.Mediator": {
        "type": "Project",
        "dependencies": {
          "BridgingIT.DevKit.Domain.EventSourcing": "[1.0.0, )",
          "BridgingIT.DevKit.Domain.Mediator": "[1.0.0, )",
          "BridgingIT.DevKit.Domain.Outbox": "[1.0.0, )",
          "Ensure.That": "[10.1.0, )"
        }
      },
      "BridgingIT.DevKit.Domain.EventSourcing.Outbox": {
        "type": "Project",
        "dependencies": {
          "BridgingIT.DevKit.Domain.EventSourcing.Mediator": "[1.0.0, )",
          "BridgingIT.DevKit.Domain.Outbox": "[1.0.0, )",
          "Ensure.That": "[10.1.0, )"
        }
      },
      "BridgingIT.DevKit.Domain.Mediator": {
        "type": "Project",
        "dependencies": {
          "BridgingIT.DevKit.Domain": "[1.0.0, )",
          "Ensure.That": "[10.1.0, )",
          "MediatR": "[12.5.0, 12.5.0]",
          "Scrutor": "[4.2.2, 5.0.0)"
        }
      },
      "BridgingIT.DevKit.Domain.Outbox": {
        "type": "Project",
        "dependencies": {
          "BridgingIT.DevKit.Common.Serialization": "[1.0.0, )",
          "BridgingIT.DevKit.Domain": "[1.0.0, )",
          "Ensure.That": "[10.1.0, )"
        }
      },
      "BridgingIT.DevKit.Examples.EventSourcingDemo.Application": {
        "type": "Project",
        "dependencies": {
          "BridgingIT.DevKit.Application.Commands.EventSourcing": "[1.0.0, )",
          "BridgingIT.DevKit.Common.Mapping": "[1.0.0, )",
          "BridgingIT.DevKit.Domain": "[1.0.0, )",
          "BridgingIT.DevKit.Domain.EventSourcing": "[1.0.0, )",
          "BridgingIT.DevKit.Examples.EventSourcingDemo.Domain": "[1.0.0, )",
          "Ensure.That": "[10.1.0, )"
        }
      },
      "BridgingIT.DevKit.Examples.EventSourcingDemo.Domain": {
        "type": "Project",
        "dependencies": {
          "BridgingIT.DevKit.Domain.EventSourcing.Mediator": "[1.0.0, )",
          "Ensure.That": "[10.1.0, )"
        }
      },
      "BridgingIT.DevKit.Examples.EventSourcingDemo.Infrastructure": {
        "type": "Project",
        "dependencies": {
          "BridgingIT.DevKit.Domain": "[1.0.0, )",
          "BridgingIT.DevKit.Examples.EventSourcingDemo.Domain": "[1.0.0, )",
          "BridgingIT.DevKit.Infrastructure.EntityFramework": "[1.0.0, )",
          "BridgingIT.DevKit.Infrastructure.EntityFramework.EventSourcing": "[1.0.0, )",
          "BridgingIT.DevKit.Infrastructure.EntityFramework.SqlServer": "[1.0.0, )",
          "Ensure.That": "[10.1.0, )"
        }
      },
      "BridgingIT.DevKit.Infrastructure.EntityFramework": {
        "type": "Project",
        "dependencies": {
          "BridgingIT.DevKit.Application.Entities": "[1.0.0, )",
          "BridgingIT.DevKit.Application.Identity": "[1.0.0, )",
          "BridgingIT.DevKit.Application.Jobs": "[1.0.0, )",
          "BridgingIT.DevKit.Application.Messaging": "[1.0.0, )",
          "BridgingIT.DevKit.Application.Notifications": "[1.0.0, )",
          "BridgingIT.DevKit.Application.Orchestrations": "[1.0.0, )",
          "BridgingIT.DevKit.Application.Queueing": "[1.0.0, )",
          "BridgingIT.DevKit.Application.Storage": "[1.0.0, )",
          "BridgingIT.DevKit.Application.Utilities": "[1.0.0, )",
          "BridgingIT.DevKit.Common.Options": "[1.0.0, )",
          "BridgingIT.DevKit.Common.Serialization": "[1.0.0, )",
          "BridgingIT.DevKit.Common.Utilities": "[1.0.0, )",
          "BridgingIT.DevKit.Domain": "[1.0.0, )",
          "BridgingIT.DevKit.Domain.Mediator": "[1.0.0, )",
          "BridgingIT.DevKit.Domain.Outbox": "[1.0.0, )",
          "Ensure.That": "[10.1.0, )",
          "Microsoft.Data.SqlClient": "[7.0.2, )",
          "Microsoft.EntityFrameworkCore": "[10.0.11, )",
          "Microsoft.EntityFrameworkCore.InMemory": "[10.0.11, )",
          "Microsoft.EntityFrameworkCore.Relational": "[10.0.11, )",
          "System.Linq.Dynamic.Core": "[1.7.3, )"
        }
      },
      "BridgingIT.DevKit.Infrastructure.EntityFramework.EventSourcing": {
        "type": "Project",
        "dependencies": {
          "BridgingIT.DevKit.Domain.EventSourcing": "[1.0.0, )",
          "BridgingIT.DevKit.Infrastructure.EntityFramework": "[1.0.0, )",
          "BridgingIT.DevKit.Infrastructure.EntityFramework.Outbox": "[1.0.0, )",
          "BridgingIT.DevKit.Infrastructure.EventSourcing": "[1.0.0, )",
          "Ensure.That": "[10.1.0, )"
        }
      },
      "BridgingIT.DevKit.Infrastructure.EntityFramework.EventSourcing.SqlServer": {
        "type": "Project",
        "dependencies": {
          "BridgingIT.DevKit.Infrastructure.EntityFramework.EventSourcing": "[1.0.0, )",
          "BridgingIT.DevKit.Infrastructure.EntityFramework.SqlServer": "[1.0.0, )",
          "Ensure.That": "[10.1.0, )"
        }
      },
      "BridgingIT.DevKit.Infrastructure.EntityFramework.Outbox": {
        "type": "Project",
        "dependencies": {
          "BridgingIT.DevKit.Application.Commands.Outbox": "[1.0.0, )",
          "BridgingIT.DevKit.Common.Mapping": "[1.0.0, )",
          "BridgingIT.DevKit.Domain.Outbox": "[1.0.0, )",
          "BridgingIT.DevKit.Infrastructure.EntityFramework": "[1.0.0, )",
          "Ensure.That": "[10.1.0, )"
        }
      },
      "BridgingIT.DevKit.Infrastructure.EntityFramework.SqlServer": {
        "type": "Project",
        "dependencies": {
          "BridgingIT.DevKit.Application.JobScheduling": "[1.0.0, )",
          "BridgingIT.DevKit.Infrastructure.EntityFramework": "[1.0.0, )",
          "Ensure.That": "[10.1.0, )",
          "Microsoft.Data.SqlClient": "[7.0.2, )",
          "Microsoft.EntityFrameworkCore.SqlServer": "[10.0.11, )",
          "Microsoft.Extensions.Diagnostics.HealthChecks.EntityFrameworkCore": "[10.0.11, )"
        }
      },
      "BridgingIT.DevKit.Infrastructure.EventSourcing": {
        "type": "Project",
        "dependencies": {
          "BridgingIT.DevKit.Application.Commands.EventSourcing": "[1.0.0, )",
          "BridgingIT.DevKit.Common.Serialization": "[1.0.0, )",
          "BridgingIT.DevKit.Domain.EventSourcing.Mediator": "[1.0.0, )",
          "BridgingIT.DevKit.Domain.Outbox": "[1.0.0, )",
          "BridgingIT.DevKit.Infrastructure.EntityFramework.Outbox": "[1.0.0, )",
          "Ensure.That": "[10.1.0, )"
        }
      },
      "Cronos": {
        "type": "CentralTransitive",
        "requested": "[0.13.0, )",
        "resolved": "0.13.0",
        "contentHash": "Nkve+Yi0+ol3ntSBRHeW0ka9cJQ8vndSUvvkXqF9LVqwpoqWueyxu/HS275r98RDOmF7/mzRnZW5XXUBXob+TA=="
      },
      "CsvHelper": {
        "type": "CentralTransitive",
        "requested": "[33.1.0, )",
        "resolved": "33.1.0",
        "contentHash": "kqfTOZGrn7NarNeXgjh86JcpTHUoeQDMB8t9NVa/ZtlSYiV1rxfRnQ49WaJsob4AiGrbK0XDzpyKkBwai4F8eg=="
      },
      "FluentValidation": {
        "type": "CentralTransitive",
        "requested": "[12.1.1, )",
        "resolved": "12.1.1",
        "contentHash": "EPpkIe1yh1a0OXyC100oOA8WMbZvqUu5plwhvYcb7oSELfyUZzfxV48BLhvs3kKo4NwG7MGLNgy1RJiYtT8Dpw=="
      },
      "Humanizer.Core": {
        "type": "CentralTransitive",
        "requested": "[3.0.10, )",
        "resolved": "3.0.10",
        "contentHash": "yZIhtw8sYuvsONzQbZxWpR60tMWYHXoo0DL6nyOqSFiU5POjBTSEyWFpTQtJEZuy+oqiYTXKXY/Mjx7KnqIQFw=="
      },
      "MailKit": {
        "type": "CentralTransitive",
        "requested": "[4.17.0, )",
        "resolved": "4.17.0",
        "contentHash": "1nUAVLxM9fhT/78we6/AGsCesnpn5dRNLLeRqOfr52Wnk87pzVwo5YMTMyqnmoXrYc7piGhmayiMA/OgDluIjg==",
        "dependencies": {
          "MimeKit": "4.17.0"
        }
      },
      "Mapster": {
        "type": "CentralTransitive",
        "requested": "[10.0.11, )",
        "resolved": "10.0.11",
        "contentHash": "MesrjeIg4lyaxJKVFHysc1GH4TooIuuY/RJRCgBPoFwDD3D1tngF362cKBkxhxR/8EhpfMfGLeU4nzCEz6hPaQ==",
        "dependencies": {
          "Mapster.Core": "10.0.11"
        }
      },
      "Mapster.DependencyInjection": {
        "type": "CentralTransitive",
        "requested": "[10.0.11, )",
        "resolved": "10.0.11",
        "contentHash": "rdvpA2xSZ8Eyd3hGedz/23oXl07tM+cmPgxlWOOAnAX1LmRl42qtbpu8LFCOEq5Hh66MjdIEg5rj4+HcajTO6w==",
        "dependencies": {
          "Mapster": "10.0.11"
        }
      },
      "MediatR": {
        "type": "CentralTransitive",
        "requested": "[12.5.0, 12.5.0]",
        "resolved": "12.5.0",
        "contentHash": "vqm2H8/nqL5NAJHPhsG1JOPwfkmbVrPyh4svdoRzu+uZh6Ex7PRoHBGsLYC0/RWCEJFqD1ohHNpteQvql9OktA==",
        "dependencies": {
          "MediatR.Contracts": "[2.0.1, 3.0.0)"
        }
      },
      "MediatR.Contracts": {
        "type": "CentralTransitive",
        "requested": "[2.0.1, 2.0.1]",
        "resolved": "2.0.1",
        "contentHash": "FYv95bNT4UwcNA+G/J1oX5OpRiSUxteXaUt2BJbRSdRNiIUNbggJF69wy6mnk2wYToaanpdXZdCwVylt96MpwQ=="
      },
      "MessagePack": {
        "type": "CentralTransitive",
        "requested": "[3.1.8, )",
        "resolved": "3.1.8",
        "contentHash": "Qk2q+9FVxnMSp+NQ9y3SLz3HqWe7Rg3KRMHhBX28FkKUoOeP9YIU86mA4pFOxDDjUIRA9e7Ssbxs/LwWUcAzPw==",
        "dependencies": {
          "MessagePack.Annotations": "3.1.8",
          "MessagePackAnalyzer": "3.1.8",
          "Microsoft.NET.StringTools": "17.11.4"
        }
      },
      "Microsoft.CodeAnalysis.Common": {
        "type": "CentralTransitive",
        "requested": "[5.6.0, )",
        "resolved": "5.6.0",
        "contentHash": "eWYNB5e92PSdkQ0xcmy2aLtrvBXNydnVi0Hj/VjaAely6XBqA3By+ClGAJaj4d16pzQmrXPLLK9RDVuS1Ec9xQ==",
        "dependencies": {
          "Microsoft.CodeAnalysis.Analyzers": "5.3.0"
        }
      },
      "Microsoft.CodeAnalysis.CSharp": {
        "type": "CentralTransitive",
        "requested": "[5.6.0, )",
        "resolved": "5.6.0",
        "contentHash": "r1DrKQ/L0xTw03wJrLr36AMQNslyaeEKBFyFmQcOKa8HX3YvmhY//JEUafb6IR/m0gmaUVCfBTWitKJRNb7YAA==",
        "dependencies": {
          "Microsoft.CodeAnalysis.Analyzers": "5.3.0",
          "Microsoft.CodeAnalysis.Common": "[5.6.0]"
        }
      },
      "Microsoft.CodeAnalysis.CSharp.Workspaces": {
        "type": "CentralTransitive",
        "requested": "[5.6.0, )",
        "resolved": "5.6.0",
        "contentHash": "ojTMowxK2X0QPNSixGLI5RBgBQLgo1Blwyct4+HWCVYLXT4iKCyVKKmGjxw4h0AvPzGgd0XfWzSGKJk/jS2LkA==",
        "dependencies": {
          "Humanizer.Core": "2.14.1",
          "Microsoft.CodeAnalysis.Analyzers": "5.3.0",
          "Microsoft.CodeAnalysis.CSharp": "[5.6.0]",
          "Microsoft.CodeAnalysis.Common": "[5.6.0]",
          "Microsoft.CodeAnalysis.Workspaces.Common": "[5.6.0]",
          "System.Composition": "10.0.1"
        }
      },
      "Microsoft.CodeAnalysis.Workspaces.MSBuild": {
        "type": "CentralTransitive",
        "requested": "[5.6.0, )",
        "resolved": "5.6.0",
        "contentHash": "EGyZR26z+LxIQrqEb54SUWgVc3E9V3Exg7ZzSLa1sE6BOKyaKOwRe8jrTzJJpSVZvoM/TTSqFM0vECT7GjTEvA==",
        "dependencies": {
          "Humanizer.Core": "2.14.1",
          "Microsoft.Build.Framework": "17.11.48",
          "Microsoft.CodeAnalysis.Analyzers": "5.3.0",
          "Microsoft.CodeAnalysis.Workspaces.Common": "[5.6.0]",
          "Microsoft.CodeAnalysis.Workspaces.MSBuild.Contracts": "[5.6.0]",
          "Microsoft.VisualStudio.SolutionPersistence": "1.0.52",
          "System.Composition": "10.0.1"
        }
      },
      "Microsoft.EntityFrameworkCore": {
        "type": "CentralTransitive",
        "requested": "[10.0.11, )",
        "resolved": "10.0.11",
        "contentHash": "VOSGU8en6HZJs8t7UMFN+9vGcRgVOOn6fA44Ngcg2NyvJ3P1KE94iAb0XzaVaGhXGtt+qaM/VtEn0/hzluQJeg==",
        "dependencies": {
          "Microsoft.EntityFrameworkCore.Abstractions": "10.0.11",
          "Microsoft.EntityFrameworkCore.Analyzers": "10.0.11"
        }
      },
      "Microsoft.EntityFrameworkCore.InMemory": {
        "type": "CentralTransitive",
        "requested": "[10.0.11, )",
        "resolved": "10.0.11",
        "contentHash": "QBMaEmLIAzUUnH7+1Vbui+9Ui0dSsglkKxjW4sofOHycB3218UrnrUzq+Y75syrR4krUCtY7loWKaVBOeU3qKw==",
        "dependencies": {
          "Microsoft.EntityFrameworkCore": "10.0.11"
        }
      },
      "Microsoft.EntityFrameworkCore.Relational": {
        "type": "CentralTransitive",
        "requested": "[10.0.11, )",
        "resolved": "10.0.11",
        "contentHash": "grznnTJgEYxaWpdKAsTzg6j+89jHgCXWYp+QGtlX5O92+w/VuhWM6JLPYb+uw8M9VhGUvOTsO76dYOy9vNPd5Q==",
        "dependencies": {
          "Microsoft.EntityFrameworkCore": "10.0.11"
        }
      },
      "Microsoft.EntityFrameworkCore.SqlServer": {
        "type": "CentralTransitive",
        "requested": "[10.0.11, )",
        "resolved": "10.0.11",
        "contentHash": "LClSs5cNN6za2Uk7IeH7RAP4Qe5EMXxFsD9i53ncPx21TVg04IEjoFyxvvsSNkq2/Ux9HyJsJ2qEO8Tl7Gcrrg==",
        "dependencies": {
          "Microsoft.Data.SqlClient": "6.1.6",
          "Microsoft.EntityFrameworkCore.Relational": "10.0.11"
        }
      },
      "Microsoft.Extensions.Diagnostics.HealthChecks.EntityFrameworkCore": {
        "type": "CentralTransitive",
        "requested": "[10.0.11, )",
        "resolved": "10.0.11",
        "contentHash": "R3OADoj7geeFn7BYbw03milCTYgC57MeqGAUQtOOzB1fzYhZMl1grGAwz3wZdoYnD4/RIEYBbOy5PspZHlr7fQ==",
        "dependencies": {
          "Microsoft.EntityFrameworkCore.Relational": "10.0.11"
        }
      },
      "Microsoft.Extensions.TimeProvider.Testing": {
        "type": "CentralTransitive",
        "requested": "[10.9.0, )",
        "resolved": "10.9.0",
        "contentHash": "0If8xc915BgRpYmKB9tOOOprvHMt8Tue6kiD8ARgVf8Ok6PNUxkJScKT7QUp7+RllR4RN2DNACgaxioy9BJxeQ=="
      },
      "Microsoft.IdentityModel.Protocols.OpenIdConnect": {
        "type": "CentralTransitive",
        "requested": "[8.22.0, )",
        "resolved": "8.22.0",
        "contentHash": "RAStsQi0eIj2gcA6G1lVx2H39v9eCJty9bLymx4oeLzmEISxfa6MxTaZkbsp+Plccz0Uiv8r7efiaG10i3WHkg==",
        "dependencies": {
          "Microsoft.IdentityModel.Protocols": "8.22.0",
          "System.IdentityModel.Tokens.Jwt": "8.22.0"
        }
      },
      "MimeKit": {
        "type": "CentralTransitive",
        "requested": "[4.17.0, )",
        "resolved": "4.17.0",
        "contentHash": "h/KXsCreJf8RpR/PSAtlbvYtZFndp9N8Wn1Bs248AL7ITyhn+AiIY5bLTvt60tbN2mu6g8KadtBNWygTji2lqg==",
        "dependencies": {
          "BouncyCastle.Cryptography": "2.6.2",
          "System.Security.Cryptography.Pkcs": "10.0.0"
        }
      },
      "NewId": {
        "type": "CentralTransitive",
        "requested": "[4.0.1, )",
        "resolved": "4.0.1",
        "contentHash": "jegBasNndmG21G3BmT51suFDCIz/sLN81j+IxmkZ4iWoaDi8LygeHiyNnYbXz5OQh9nCRJFIx1+PJrlYi1Gc9Q=="
      },
      "Newtonsoft.Json": {
        "type": "CentralTransitive",
        "requested": "[13.0.4, )",
        "resolved": "13.0.4",
        "contentHash": "pdgNNMai3zv51W5aq268sujXUyx7SNdE2bj1wZcWjAQrKMFZV260lbqYop1d2GM67JI1huLRwxo9ZqnfF/lC6A=="
      },
      "Polly": {
        "type": "CentralTransitive",
        "requested": "[8.7.0, )",
        "resolved": "8.7.0",
        "contentHash": "0qR4f0OR8FeCAfLWcfwzAM7w6EmpUgwa22PgxKjcL25dEAto7sKpQQXbtxp38vVvK+V3RFkh/TeI7g/iUdoYIQ==",
        "dependencies": {
          "Polly.Core": "8.7.0"
        }
      },
      "Polly.Contrib.Simmy": {
        "type": "CentralTransitive",
        "requested": "[0.3.0, )",
        "resolved": "0.3.0",
        "contentHash": "pLKgfb7LmPqVOzjqdbjWH3pCkJWSnZIygPHfhP4d4JjmNov+sd2IxcFm/m8vPZa6lcRylgTvwIuvWhqR1Z1DYA==",
        "dependencies": {
          "Polly": "7.1.0"
        }
      },
      "Quartz": {
        "type": "CentralTransitive",
        "requested": "[3.18.1, 3.18.1]",
        "resolved": "3.18.1",
        "contentHash": "q/n/gKLcApDlTk90BRNvj6P8HKR+vbtZEQxo5BAbeEoN5e/8/aqRuG6yH7tVg02CeAXAD40boS74s9hVnh4XDw=="
      },
      "Quartz.Extensions.DependencyInjection": {
        "type": "CentralTransitive",
        "requested": "[3.18.1, 3.18.1]",
        "resolved": "3.18.1",
        "contentHash": "ct+sIqr7n961jvo695GnqHjB+dhK6b/Y9LSXxK6n9EJ6JzMXpwcusd5u2lCqVqqNHaiGBLXp37E75hpPXHQkzA==",
        "dependencies": {
          "Quartz": "3.18.1"
        }
      },
      "Scrutor": {
        "type": "CentralTransitive",
        "requested": "[4.2.2, 5.0.0)",
        "resolved": "4.2.2",
        "contentHash": "t5VIYA7WJXoJJo7s4DoHakMGwTu+MeEnZumMOhTCH7kz9xWha24G7dJNxWrHPlu0ZdZAS4jDZCxxAnyaBh7uYw==",
        "dependencies": {
          "Microsoft.Extensions.DependencyModel": "6.0.0"
        }
      },
      "Serilog": {
        "type": "CentralTransitive",
        "requested": "[4.4.0, )",
        "resolved": "4.4.0",
        "contentHash": "ZC6Le3rr4TVJJjS4KsQAesxeF1EhW9qcZmmG7eP5Y2G3+gTGkJEUXkq4+tZNPtyp05I0wWOxnIjwtxFweJsObw=="
      },
      "SharpCompress": {
        "type": "CentralTransitive",
        "requested": "[1.0.0, )",
        "resolved": "1.0.0",
        "contentHash": "bdBq9V2epw7KBX3TeA+lxnKU8dD61tsqVuyuo5cAXj4d+9+fcIQObTr0705oTWnPDRhjRx3TpgOFbYYAMObpaw=="
      },
      "System.IdentityModel.Tokens.Jwt": {
        "type": "CentralTransitive",
        "requested": "[8.22.0, )",
        "resolved": "8.22.0",
        "contentHash": "CpXGfNhLl6EgYaOC9XYsc1p7Ci9HtAy0soHJDSBNGse647al4tTq9RDr+LQsrF4Ls79Dx7VfzN34km0W4DWPow==",
        "dependencies": {
          "Microsoft.IdentityModel.JsonWebTokens": "8.22.0",
          "Microsoft.IdentityModel.Tokens": "8.22.0"
        }
      },
      "System.Linq.Dynamic.Core": {
        "type": "CentralTransitive",
        "requested": "[1.7.3, )",
        "resolved": "1.7.3",
        "contentHash": "0m52+B4Jce/9AXLXPZnnFW7NeLotHBuYvbsVF3D/DTvvbCGJZdskPn5xjr5sjnnFI3XekNdPqG2djyJE3UU7SA=="
      }
    }
  }
}